// !$*UTF8*$!
{
	archiveVersion = 1;
	classes = {
	};
	objectVersion = 55;
	objects = {

/* Begin PBXBuildFile section */
		A5432BF127E3633000C4B956 /* AppDelegate.swift in Sources */ = {isa = PBXBuildFile; fileRef = A5432BF027E3633000C4B956 /* AppDelegate.swift */; };
		A5432BF327E3633000C4B956 /* SceneDelegate.swift in Sources */ = {isa = PBXBuildFile; fileRef = A5432BF227E3633000C4B956 /* SceneDelegate.swift */; };
		A5432BF527E3633000C4B956 /* ViewController.swift in Sources */ = {isa = PBXBuildFile; fileRef = A5432BF427E3633000C4B956 /* ViewController.swift */; };
		A5432BF827E3633000C4B956 /* Main.storyboard in Resources */ = {isa = PBXBuildFile; fileRef = A5432BF627E3633000C4B956 /* Main.storyboard */; };
		A5432BFA27E3633200C4B956 /* Assets.xcassets in Resources */ = {isa = PBXBuildFile; fileRef = A5432BF927E3633200C4B956 /* Assets.xcassets */; };
		A5432BFD27E3633200C4B956 /* LaunchScreen.storyboard in Resources */ = {isa = PBXBuildFile; fileRef = A5432BFB27E3633200C4B956 /* LaunchScreen.storyboard */; };
		A5432C0827E3633200C4B956 /* QueueExampleTests.swift in Sources */ = {isa = PBXBuildFile; fileRef = A5432C0727E3633200C4B956 /* QueueExampleTests.swift */; };
		A5432C1227E3633200C4B956 /* QueueExampleUITests.swift in Sources */ = {isa = PBXBuildFile; fileRef = A5432C1127E3633200C4B956 /* QueueExampleUITests.swift */; };
		A5432C1427E3633200C4B956 /* QueueExampleUITestsLaunchTests.swift in Sources */ = {isa = PBXBuildFile; fileRef = A5432C1327E3633200C4B956 /* QueueExampleUITestsLaunchTests.swift */; };
/* End PBXBuildFile section */

/* Begin PBXContainerItemProxy section */
		A5432C0427E3633200C4B956 /* PBXContainerItemProxy */ = {
			isa = PBXContainerItemProxy;
			containerPortal = A5432BE527E3633000C4B956 /* Project object */;
			proxyType = 1;
			remoteGlobalIDString = A5432BEC27E3633000C4B956;
			remoteInfo = QueueExample;
		};
		A5432C0E27E3633200C4B956 /* PBXContainerItemProxy */ = {
			isa = PBXContainerItemProxy;
			containerPortal = A5432BE527E3633000C4B956 /* Project object */;
			proxyType = 1;
			remoteGlobalIDString = A5432BEC27E3633000C4B956;
			remoteInfo = QueueExample;
		};
/* End PBXContainerItemProxy section */

/* Begin PBXFileReference section */
		A5432BED27E3633000C4B956 /* QueueExample.app */ = {isa = PBXFileReference; explicitFileType = wrapper.application; includeInIndex = 0; path = QueueExample.app; sourceTree = BUILT_PRODUCTS_DIR; };
		A5432BF027E3633000C4B956 /* AppDelegate.swift */ = {isa = PBXFileReference; lastKnownFileType = sourcecode.swift; path = AppDelegate.swift; sourceTree = "<group>"; };
		A5432BF227E3633000C4B956 /* SceneDelegate.swift */ = {isa = PBXFileReference; lastKnownFileType = sourcecode.swift; path = SceneDelegate.swift; sourceTree = "<group>"; };
		A5432BF427E3633000C4B956 /* ViewController.swift */ = {isa = PBXFileReference; lastKnownFileType = sourcecode.swift; path = ViewController.swift; sourceTree = "<group>"; };
		A5432BF727E3633000C4B956 /* Base */ = {isa = PBXFileReference; lastKnownFileType = file.storyboard; name = Base; path = Base.lproj/Main.storyboard; sourceTree = "<group>"; };
		A5432BF927E3633200C4B956 /* Assets.xcassets */ = {isa = PBXFileReference; lastKnownFileType = folder.assetcatalog; path = Assets.xcassets; sourceTree = "<group>"; };
		A5432BFC27E3633200C4B956 /* Base */ = {isa = PBXFileReference; lastKnownFileType = file.storyboard; name = Base; path = Base.lproj/LaunchScreen.storyboard; sourceTree = "<group>"; };
		A5432BFE27E3633200C4B956 /* Info.plist */ = {isa = PBXFileReference; lastKnownFileType = text.plist.xml; path = Info.plist; sourceTree = "<group>"; };
		A5432C0327E3633200C4B956 /* QueueExampleTests.xctest */ = {isa = PBXFileReference; explicitFileType = wrapper.cfbundle; includeInIndex = 0; path = QueueExampleTests.xctest; sourceTree = BUILT_PRODUCTS_DIR; };
		A5432C0727E3633200C4B956 /* QueueExampleTests.swift */ = {isa = PBXFileReference; lastKnownFileType = sourcecode.swift; path = QueueExampleTests.swift; sourceTree = "<group>"; };
		A5432C0D27E3633200C4B956 /* QueueExampleUITests.xctest */ = {isa = PBXFileReference; explicitFileType = wrapper.cfbundle; includeInIndex = 0; path = QueueExampleUITests.xctest; sourceTree = BUILT_PRODUCTS_DIR; };
		A5432C1127E3633200C4B956 /* QueueExampleUITests.swift */ = {isa = PBXFileReference; lastKnownFileType = sourcecode.swift; path = QueueExampleUITests.swift; sourceTree = "<group>"; };
		A5432C1327E3633200C4B956 /* QueueExampleUITestsLaunchTests.swift */ = {isa = PBXFileReference; lastKnownFileType = sourcecode.swift; path = QueueExampleUITestsLaunchTests.swift; sourceTree = "<group>"; };
/* End PBXFileReference section */

/* Begin PBXFrameworksBuildPhase section */
		A5432BEA27E3633000C4B956 /* Frameworks */ = {
			isa = PBXFrameworksBuildPhase;
			buildActionMask = 2147483647;
			files = (
			);
			runOnlyForDeploymentPostprocessing = 0;
		};
		A5432C0027E3633200C4B956 /* Frameworks */ = {
			isa = PBXFrameworksBuildPhase;
			buildActionMask = 2147483647;
			files = (
			);
			runOnlyForDeploymentPostprocessing = 0;
		};
		A5432C0A27E3633200C4B956 /* Frameworks */ = {
			isa = PBXFrameworksBuildPhase;
			buildActionMask = 2147483647;
			files = (
			);
			runOnlyForDeploymentPostprocessing = 0;
		};
/* End PBXFrameworksBuildPhase section */

/* Begin PBXGroup section */
		A5432BE427E3633000C4B956 = {
			isa = PBXGroup;
			children = (
				A5432BEF27E3633000C4B956 /* QueueExample */,
				A5432C0627E3633200C4B956 /* QueueExampleTests */,
				A5432C1027E3633200C4B956 /* QueueExampleUITests */,
				A5432BEE27E3633000C4B956 /* Products */,
			);
			sourceTree = "<group>";
		};
		A5432BEE27E3633000C4B956 /* Products */ = {
			isa = PBXGroup;
			children = (
				A5432BED27E3633000C4B956 /* QueueExample.app */,
				A5432C0327E3633200C4B956 /* QueueExampleTests.xctest */,
				A5432C0D27E3633200C4B956 /* QueueExampleUITests.xctest */,
			);
			name = Products;
			sourceTree = "<group>";
		};
		A5432BEF27E3633000C4B956 /* QueueExample */ = {
			isa = PBXGroup;
			children = (
				A5432BF027E3633000C4B956 /* AppDelegate.swift */,
				A5432BF227E3633000C4B956 /* SceneDelegate.swift */,
				A5432BF427E3633000C4B956 /* ViewController.swift */,
				A5432BF627E3633000C4B956 /* Main.storyboard */,
				A5432BF927E3633200C4B956 /* Assets.xcassets */,
				A5432BFB27E3633200C4B956 /* LaunchScreen.storyboard */,
				A5432BFE27E3633200C4B956 /* Info.plist */,
			);
			path = QueueExample;
			sourceTree = "<group>";
		};
		A5432C0627E3633200C4B956 /* QueueExampleTests */ = {
			isa = PBXGroup;
			children = (
				A5432C0727E3633200C4B956 /* QueueExampleTests.swift */,
			);
			path = QueueExampleTests;
			sourceTree = "<group>";
		};
		A5432C1027E3633200C4B956 /* QueueExampleUITests */ = {
			isa = PBXGroup;
			children = (
				A5432C1127E3633200C4B956 /* QueueExampleUITests.swift */,
				A5432C1327E3633200C4B956 /* QueueExampleUITestsLaunchTests.swift */,
			);
			path = QueueExampleUITests;
			sourceTree = "<group>";
		};
/* End PBXGroup section */

/* Begin PBXNativeTarget section */
		A5432BEC27E3633000C4B956 /* QueueExample */ = {
			isa = PBXNativeTarget;
			buildConfigurationList = A5432C1727E3633200C4B956 /* Build configuration list for PBXNativeTarget "QueueExample" */;
			buildPhases = (
				A5432BE927E3633000C4B956 /* Sources */,
				A5432BEA27E3633000C4B956 /* Frameworks */,
				A5432BEB27E3633000C4B956 /* Resources */,
			);
			buildRules = (
			);
			dependencies = (
			);
			name = QueueExample;
			productName = QueueExample;
			productReference = A5432BED27E3633000C4B956 /* QueueExample.app */;
			productType = "com.apple.product-type.application";
		};
		A5432C0227E3633200C4B956 /* QueueExampleTests */ = {
			isa = PBXNativeTarget;
			buildConfigurationList = A5432C1A27E3633200C4B956 /* Build configuration list for PBXNativeTarget "QueueExampleTests" */;
			buildPhases = (
				A5432BFF27E3633200C4B956 /* Sources */,
				A5432C0027E3633200C4B956 /* Frameworks */,
				A5432C0127E3633200C4B956 /* Resources */,
			);
			buildRules = (
			);
			dependencies = (
				A5432C0527E3633200C4B956 /* PBXTargetDependency */,
			);
			name = QueueExampleTests;
			productName = QueueExampleTests;
			productReference = A5432C0327E3633200C4B956 /* QueueExampleTests.xctest */;
			productType = "com.apple.product-type.bundle.unit-test";
		};
		A5432C0C27E3633200C4B956 /* QueueExampleUITests */ = {
			isa = PBXNativeTarget;
			buildConfigurationList = A5432C1D27E3633200C4B956 /* Build configuration list for PBXNativeTarget "QueueExampleUITests" */;
			buildPhases = (
				A5432C0927E3633200C4B956 /* Sources */,
				A5432C0A27E3633200C4B956 /* Frameworks */,
				A5432C0B27E3633200C4B956 /* Resources */,
			);
			buildRules = (
			);
			dependencies = (
				A5432C0F27E3633200C4B956 /* PBXTargetDependency */,
			);
			name = QueueExampleUITests;
			productName = QueueExampleUITests;
			productReference = A5432C0D27E3633200C4B956 /* QueueExampleUITests.xctest */;
			productType = "com.apple.product-type.bundle.ui-testing";
		};
/* End PBXNativeTarget section */

/* Begin PBXProject section */
		A5432BE527E3633000C4B956 /* Project object */ = {
			isa = PBXProject;
			attributes = {
				BuildIndependentTargetsInParallel = 1;
				LastSwiftUpdateCheck = 1330;
				LastUpgradeCheck = 1330;
				TargetAttributes = {
					A5432BEC27E3633000C4B956 = {
						CreatedOnToolsVersion = 13.3;
					};
					A5432C0227E3633200C4B956 = {
						CreatedOnToolsVersion = 13.3;
						TestTargetID = A5432BEC27E3633000C4B956;
					};
					A5432C0C27E3633200C4B956 = {
						CreatedOnToolsVersion = 13.3;
						TestTargetID = A5432BEC27E3633000C4B956;
					};
				};
			};
			buildConfigurationList = A5432BE827E3633000C4B956 /* Build configuration list for PBXProject "QueueExample" */;
			compatibilityVersion = "Xcode 13.0";
			developmentRegion = en;
			hasScannedForEncodings = 0;
			knownRegions = (
				en,
				Base,
			);
			mainGroup = A5432BE427E3633000C4B956;
			productRefGroup = A5432BEE27E3633000C4B956 /* Products */;
			projectDirPath = "";
			projectRoot = "";
			targets = (
				A5432BEC27E3633000C4B956 /* QueueExample */,
				A5432C0227E3633200C4B956 /* QueueExampleTests */,
				A5432C0C27E3633200C4B956 /* QueueExampleUITests */,
			);
		};
/* End PBXProject section */

/* Begin PBXResourcesBuildPhase section */
		A5432BEB27E3633000C4B956 /* Resources */ = {
			isa = PBXResourcesBuildPhase;
			buildActionMask = 2147483647;
			files = (
				A5432BFD27E3633200C4B956 /* LaunchScreen.storyboard in Resources */,
				A5432BFA27E3633200C4B956 /* Assets.xcassets in Resources */,
				A5432BF827E3633000C4B956 /* Main.storyboard in Resources */,
			);
			runOnlyForDeploymentPostprocessing = 0;
		};
		A5432C0127E3633200C4B956 /* Resources */ = {
			isa = PBXResourcesBuildPhase;
			buildActionMask = 2147483647;
			files = (
			);
			runOnlyForDeploymentPostprocessing = 0;
		};
		A5432C0B27E3633200C4B956 /* Resources */ = {
			isa = PBXResourcesBuildPhase;
			buildActionMask = 2147483647;
			files = (
			);
			runOnlyForDeploymentPostprocessing = 0;
		};
/* End PBXResourcesBuildPhase section */

/* Begin PBXSourcesBuildPhase section */
		A5432BE927E3633000C4B956 /* Sources */ = {
			isa = PBXSourcesBuildPhase;
			buildActionMask = 2147483647;
			files = (
				A5432BF527E3633000C4B956 /* ViewController.swift in Sources */,
				A5432BF127E3633000C4B956 /* AppDelegate.swift in Sources */,
				A5432BF327E3633000C4B956 /* SceneDelegate.swift in Sources */,
			);
			runOnlyForDeploymentPostprocessing = 0;
		};
		A5432BFF27E3633200C4B956 /* Sources */ = {
			isa = PBXSourcesBuildPhase;
			buildActionMask = 2147483647;
			files = (
				A5432C0827E3633200C4B956 /* QueueExampleTests.swift in Sources */,
			);
			runOnlyForDeploymentPostprocessing = 0;
		};
		A5432C0927E3633200C4B956 /* Sources */ = {
			isa = PBXSourcesBuildPhase;
			buildActionMask = 2147483647;
			files = (
				A5432C1227E3633200C4B956 /* QueueExampleUITests.swift in Sources */,
				A5432C1427E3633200C4B956 /* QueueExampleUITestsLaunchTests.swift in Sources */,
			);
			runOnlyForDeploymentPostprocessing = 0;
		};
/* End PBXSourcesBuildPhase section */

/* Begin PBXTargetDependency section */
		A5432C0527E3633200C4B956 /* PBXTargetDependency */ = {
			isa = PBXTargetDependency;
			target = A5432BEC27E3633000C4B956 /* QueueExample */;
			targetProxy = A5432C0427E3633200C4B956 /* PBXContainerItemProxy */;
		};
		A5432C0F27E3633200C4B956 /* PBXTargetDependency */ = {
			isa = PBXTargetDependency;
			target = A5432BEC27E3633000C4B956 /* QueueExample */;
			targetProxy = A5432C0E27E3633200C4B956 /* PBXContainerItemProxy */;
		};
/* End PBXTargetDependency section */

/* Begin PBXVariantGroup section */
		A5432BF627E3633000C4B956 /* Main.storyboard */ = {
			isa = PBXVariantGroup;
			children = (
				A5432BF727E3633000C4B956 /* Base */,
			);
			name = Main.storyboard;
			sourceTree = "<group>";
		};
		A5432BFB27E3633200C4B956 /* LaunchScreen.storyboard */ = {
			isa = PBXVariantGroup;
			children = (
				A5432BFC27E3633200C4B956 /* Base */,
			);
			name = LaunchScreen.storyboard;
			sourceTree = "<group>";
		};
/* End PBXVariantGroup section */

/* Begin XCBuildConfiguration section */
		A5432C1527E3633200C4B956 /* Debug */ = {
			isa = XCBuildConfiguration;
			buildSettings = {
				ALWAYS_SEARCH_USER_PATHS = NO;
				CLANG_ANALYZER_NONNULL = YES;
				CLANG_ANALYZER_NUMBER_OBJECT_CONVERSION = YES_AGGRESSIVE;
				CLANG_CXX_LANGUAGE_STANDARD = "gnu++17";
				CLANG_ENABLE_MODULES = YES;
				CLANG_ENABLE_OBJC_ARC = YES;
				CLANG_ENABLE_OBJC_WEAK = YES;
				CLANG_WARN_BLOCK_CAPTURE_AUTORELEASING = YES;
				CLANG_WARN_BOOL_CONVERSION = YES;
				CLANG_WARN_COMMA = YES;
				CLANG_WARN_CONSTANT_CONVERSION = YES;
				CLANG_WARN_DEPRECATED_OBJC_IMPLEMENTATIONS = YES;
				CLANG_WARN_DIRECT_OBJC_ISA_USAGE = YES_ERROR;
				CLANG_WARN_DOCUMENTATION_COMMENTS = YES;
				CLANG_WARN_EMPTY_BODY = YES;
				CLANG_WARN_ENUM_CONVERSION = YES;
				CLANG_WARN_INFINITE_RECURSION = YES;
				CLANG_WARN_INT_CONVERSION = YES;
				CLANG_WARN_NON_LITERAL_NULL_CONVERSION = YES;
				CLANG_WARN_OBJC_IMPLICIT_RETAIN_SELF = YES;
				CLANG_WARN_OBJC_LITERAL_CONVERSION = YES;
				CLANG_WARN_OBJC_ROOT_CLASS = YES_ERROR;
				CLANG_WARN_QUOTED_INCLUDE_IN_FRAMEWORK_HEADER = YES;
				CLANG_WARN_RANGE_LOOP_ANALYSIS = YES;
				CLANG_WARN_STRICT_PROTOTYPES = YES;
				CLANG_WARN_SUSPICIOUS_MOVE = YES;
				CLANG_WARN_UNGUARDED_AVAILABILITY = YES_AGGRESSIVE;
				CLANG_WARN_UNREACHABLE_CODE = YES;
				CLANG_WARN__DUPLICATE_METHOD_MATCH = YES;
				COPY_PHASE_STRIP = NO;
				DEBUG_INFORMATION_FORMAT = dwarf;
				ENABLE_STRICT_OBJC_MSGSEND = YES;
				ENABLE_TESTABILITY = YES;
				GCC_C_LANGUAGE_STANDARD = gnu11;
				GCC_DYNAMIC_NO_PIC = NO;
				GCC_NO_COMMON_BLOCKS = YES;
				GCC_OPTIMIZATION_LEVEL = 0;
				GCC_PREPROCESSOR_DEFINITIONS = (
					"DEBUG=1",
					"$(inherited)",
				);
				GCC_WARN_64_TO_32_BIT_CONVERSION = YES;
				GCC_WARN_ABOUT_RETURN_TYPE = YES_ERROR;
				GCC_WARN_UNDECLARED_SELECTOR = YES;
				GCC_WARN_UNINITIALIZED_AUTOS = YES_AGGRESSIVE;
				GCC_WARN_UNUSED_FUNCTION = YES;
				GCC_WARN_UNUSED_VARIABLE = YES;
				IPHONEOS_DEPLOYMENT_TARGET = 15.4;
				MTL_ENABLE_DEBUG_INFO = INCLUDE_SOURCE;
				MTL_FAST_MATH = YES;
				ONLY_ACTIVE_ARCH = YES;
				SDKROOT = iphoneos;
				SWIFT_ACTIVE_COMPILATION_CONDITIONS = DEBUG;
				SWIFT_OPTIMIZATION_LEVEL = "-Onone";
			};
			name = Debug;
		};
		A5432C1627E3633200C4B956 /* Release */ = {
			isa = XCBuildConfiguration;
			buildSettings = {
				ALWAYS_SEARCH_USER_PATHS = NO;
				CLANG_ANALYZER_NONNULL = YES;
				CLANG_ANALYZER_NUMBER_OBJECT_CONVERSION = YES_AGGRESSIVE;
				CLANG_CXX_LANGUAGE_STANDARD = "gnu++17";
				CLANG_ENABLE_MODULES = YES;
				CLANG_ENABLE_OBJC_ARC = YES;
				CLANG_ENABLE_OBJC_WEAK = YES;
				CLANG_WARN_BLOCK_CAPTURE_AUTORELEASING = YES;
				CLANG_WARN_BOOL_CONVERSION = YES;
				CLANG_WARN_COMMA = YES;
				CLANG_WARN_CONSTANT_CONVERSION = YES;
				CLANG_WARN_DEPRECATED_OBJC_IMPLEMENTATIONS = YES;
				CLANG_WARN_DIRECT_OBJC_ISA_USAGE = YES_ERROR;
				CLANG_WARN_DOCUMENTATION_COMMENTS = YES;
				CLANG_WARN_EMPTY_BODY = YES;
				CLANG_WARN_ENUM_CONVERSION = YES;
				CLANG_WARN_INFINITE_RECURSION = YES;
				CLANG_WARN_INT_CONVERSION = YES;
				CLANG_WARN_NON_LITERAL_NULL_CONVERSION = YES;
				CLANG_WARN_OBJC_IMPLICIT_RETAIN_SELF = YES;
				CLANG_WARN_OBJC_LITERAL_CONVERSION = YES;
				CLANG_WARN_OBJC_ROOT_CLASS = YES_ERROR;
				CLANG_WARN_QUOTED_INCLUDE_IN_FRAMEWORK_HEADER = YES;
				CLANG_WARN_RANGE_LOOP_ANALYSIS = YES;
				CLANG_WARN_STRICT_PROTOTYPES = YES;
				CLANG_WARN_SUSPICIOUS_MOVE = YES;
				CLANG_WARN_UNGUARDED_AVAILABILITY = YES_AGGRESSIVE;
				CLANG_WARN_UNREACHABLE_CODE = YES;
				CLANG_WARN__DUPLICATE_METHOD_MATCH = YES;
				COPY_PHASE_STRIP = NO;
				DEBUG_INFORMATION_FORMAT = "dwarf-with-dsym";
				ENABLE_NS_ASSERTIONS = NO;
				ENABLE_STRICT_OBJC_MSGSEND = YES;
				GCC_C_LANGUAGE_STANDARD = gnu11;
				GCC_NO_COMMON_BLOCKS = YES;
				GCC_WARN_64_TO_32_BIT_CONVERSION = YES;
				GCC_WARN_ABOUT_RETURN_TYPE = YES_ERROR;
				GCC_WARN_UNDECLARED_SELECTOR = YES;
				GCC_WARN_UNINITIALIZED_AUTOS = YES_AGGRESSIVE;
				GCC_WARN_UNUSED_FUNCTION = YES;
				GCC_WARN_UNUSED_VARIABLE = YES;
				IPHONEOS_DEPLOYMENT_TARGET = 15.4;
				MTL_ENABLE_DEBUG_INFO = NO;
				MTL_FAST_MATH = YES;
				SDKROOT = iphoneos;
				SWIFT_COMPILATION_MODE = wholemodule;
				SWIFT_OPTIMIZATION_LEVEL = "-O";
				VALIDATE_PRODUCT = YES;
			};
			name = Release;
		};
		A5432C1827E3633200C4B956 /* Debug */ = {
			isa = XCBuildConfiguration;
			buildSettings = {
				ASSETCATALOG_COMPILER_APPICON_NAME = AppIcon;
				ASSETCATALOG_COMPILER_GLOBAL_ACCENT_COLOR_NAME = AccentColor;
				CODE_SIGN_STYLE = Automatic;
				CURRENT_PROJECT_VERSION = 1;
				DEVELOPMENT_TEAM = 82Q3S9Q2PL;
				GENERATE_INFOPLIST_FILE = YES;
				INFOPLIST_FILE = QueueExample/Info.plist;
				INFOPLIST_KEY_UIApplicationSupportsIndirectInputEvents = YES;
				INFOPLIST_KEY_UILaunchStoryboardName = LaunchScreen;
				INFOPLIST_KEY_UIMainStoryboardFile = Main;
				INFOPLIST_KEY_UISupportedInterfaceOrientations_iPad = "UIInterfaceOrientationPortrait UIInterfaceOrientationPortraitUpsideDown UIInterfaceOrientationLandscapeLeft UIInterfaceOrientationLandscapeRight";
				INFOPLIST_KEY_UISupportedInterfaceOrientations_iPhone = "UIInterfaceOrientationPortrait UIInterfaceOrientationLandscapeLeft UIInterfaceOrientationLandscapeRight";
				IPHONEOS_DEPLOYMENT_TARGET = 13.0;
				LD_RUNPATH_SEARCH_PATHS = (
					"$(inherited)",
					"@executable_path/Frameworks",
				);
				MARKETING_VERSION = 1.0;
				PRODUCT_BUNDLE_IDENTIFIER = hynam.QueueExample;
				PRODUCT_NAME = "$(TARGET_NAME)";
				SWIFT_EMIT_LOC_STRINGS = YES;
				SWIFT_VERSION = 5.0;
				TARGETED_DEVICE_FAMILY = "1,2";
			};
			name = Debug;
		};
		A5432C1927E3633200C4B956 /* Release */ = {
			isa = XCBuildConfiguration;
			buildSettings = {
				ASSETCATALOG_COMPILER_APPICON_NAME = AppIcon;
				ASSETCATALOG_COMPILER_GLOBAL_ACCENT_COLOR_NAME = AccentColor;
				CODE_SIGN_STYLE = Automatic;
				CURRENT_PROJECT_VERSION = 1;
				DEVELOPMENT_TEAM = 82Q3S9Q2PL;
				GENERATE_INFOPLIST_FILE = YES;
				INFOPLIST_FILE = QueueExample/Info.plist;
				INFOPLIST_KEY_UIApplicationSupportsIndirectInputEvents = YES;
				INFOPLIST_KEY_UILaunchStoryboardName = LaunchScreen;
				INFOPLIST_KEY_UIMainStoryboardFile = Main;
				INFOPLIST_KEY_UISupportedInterfaceOrientations_iPad = "UIInterfaceOrientationPortrait UIInterfaceOrientationPortraitUpsideDown UIInterfaceOrientationLandscapeLeft UIInterfaceOrientationLandscapeRight";
				INFOPLIST_KEY_UISupportedInterfaceOrientations_iPhone = "UIInterfaceOrientationPortrait UIInterfaceOrientationLandscapeLeft UIInterfaceOrientationLandscapeRight";
				IPHONEOS_DEPLOYMENT_TARGET = 13.0;
				LD_RUNPATH_SEARCH_PATHS = (
					"$(inherited)",
					"@executable_path/Frameworks",
				);
				MARKETING_VERSION = 1.0;
				PRODUCT_BUNDLE_IDENTIFIER = hynam.QueueExample;
				PRODUCT_NAME = "$(TARGET_NAME)";
				SWIFT_EMIT_LOC_STRINGS = YES;
				SWIFT_VERSION = 5.0;
				TARGETED_DEVICE_FAMILY = "1,2";
			};
			name = Release;
		};
		A5432C1B27E3633200C4B956 /* Debug */ = {
			isa = XCBuildConfiguration;
			buildSettings = {
				ALWAYS_EMBED_SWIFT_STANDARD_LIBRARIES = YES;
				BUNDLE_LOADER = "$(TEST_HOST)";
				CODE_SIGN_STYLE = Automatic;
				CURRENT_PROJECT_VERSION = 1;
				DEVELOPMENT_TEAM = 82Q3S9Q2PL;
				GENERATE_INFOPLIST_FILE = YES;
				IPHONEOS_DEPLOYMENT_TARGET = 15.4;
				MARKETING_VERSION = 1.0;
				PRODUCT_BUNDLE_IDENTIFIER = hynam.QueueExampleTests;
				PRODUCT_NAME = "$(TARGET_NAME)";
				SWIFT_EMIT_LOC_STRINGS = NO;
				SWIFT_VERSION = 5.0;
				TARGETED_DEVICE_FAMILY = "1,2";
				TEST_HOST = "$(BUILT_PRODUCTS_DIR)/QueueExample.app/QueueExample";
			};
			name = Debug;
		};
		A5432C1C27E3633200C4B956 /* Release */ = {
			isa = XCBuildConfiguration;
			buildSettings = {
				ALWAYS_EMBED_SWIFT_STANDARD_LIBRARIES = YES;
				BUNDLE_LOADER = "$(TEST_HOST)";
				CODE_SIGN_STYLE = Automatic;
				CURRENT_PROJECT_VERSION = 1;
				DEVELOPMENT_TEAM = 82Q3S9Q2PL;
				GENERATE_INFOPLIST_FILE = YES;
				IPHONEOS_DEPLOYMENT_TARGET = 15.4;
				MARKETING_VERSION = 1.0;
				PRODUCT_BUNDLE_IDENTIFIER = hynam.QueueExampleTests;
				PRODUCT_NAME = "$(TARGET_NAME)";
				SWIFT_EMIT_LOC_STRINGS = NO;
				SWIFT_VERSION = 5.0;
				TARGETED_DEVICE_FAMILY = "1,2";
				TEST_HOST = "$(BUILT_PRODUCTS_DIR)/QueueExample.app/QueueExample";
			};
			name = Release;
		};
		A5432C1E27E3633200C4B956 /* Debug */ = {
			isa = XCBuildConfiguration;
			buildSettings = {
				ALWAYS_EMBED_SWIFT_STANDARD_LIBRARIES = YES;
				CODE_SIGN_STYLE = Automatic;
				CURRENT_PROJECT_VERSION = 1;
				DEVELOPMENT_TEAM = 82Q3S9Q2PL;
				GENERATE_INFOPLIST_FILE = YES;
				MARKETING_VERSION = 1.0;
				PRODUCT_BUNDLE_IDENTIFIER = hynam.QueueExampleUITests;
				PRODUCT_NAME = "$(TARGET_NAME)";
				SWIFT_EMIT_LOC_STRINGS = NO;
				SWIFT_VERSION = 5.0;
				TARGETED_DEVICE_FAMILY = "1,2";
				TEST_TARGET_NAME = QueueExample;
			};
			name = Debug;
		};
		A5432C1F27E3633200C4B956 /* Release */ = {
			isa = XCBuildConfiguration;
			buildSettings = {
				ALWAYS_EMBED_SWIFT_STANDARD_LIBRARIES = YES;
				CODE_SIGN_STYLE = Automatic;
				CURRENT_PROJECT_VERSION = 1;
				DEVELOPMENT_TEAM = 82Q3S9Q2PL;
				GENERATE_INFOPLIST_FILE = YES;
				MARKETING_VERSION = 1.0;
				PRODUCT_BUNDLE_IDENTIFIER = hynam.QueueExampleUITests;
				PRODUCT_NAME = "$(TARGET_NAME)";
				SWIFT_EMIT_LOC_STRINGS = NO;
				SWIFT_VERSION = 5.0;
				TARGETED_DEVICE_FAMILY = "1,2";
				TEST_TARGET_NAME = QueueExample;
			};
			name = Release;
		};
/* End XCBuildConfiguration section */

/* Begin XCConfigurationList section */
		A5432BE827E3633000C4B956 /* Build configuration list for PBXProject "QueueExample" */ = {
			isa = XCConfigurationList;
			buildConfigurations = (
				A5432C1527E3633200C4B956 /* Debug */,
				A5432C1627E3633200C4B956 /* Release */,
			);
			defaultConfigurationIsVisible = 0;
			defaultConfigurationName = Release;
		};
		A5432C1727E3633200C4B956 /* Build configuration list for PBXNativeTarget "QueueExample" */ = {
			isa = XCConfigurationList;
			buildConfigurations = (
				A5432C1827E3633200C4B956 /* Debug */,
				A5432C1927E3633200C4B956 /* Release */,
			);
			defaultConfigurationIsVisible = 0;
			defaultConfigurationName = Release;
		};
		A5432C1A27E3633200C4B956 /* Build configuration list for PBXNativeTarget "QueueExampleTests" */ = {
			isa = XCConfigurationList;
			buildConfigurations = (
				A5432C1B27E3633200C4B956 /* Debug */,
				A5432C1C27E3633200C4B956 /* Release */,
			);
			defaultConfigurationIsVisible = 0;
			defaultConfigurationName = Release;
		};
		A5432C1D27E3633200C4B956 /* Build configuration list for PBXNativeTarget "QueueExampleUITests" */ = {
			isa = XCConfigurationList;
			buildConfigurations = (
				A5432C1E27E3633200C4B956 /* Debug */,
				A5432C1F27E3633200C4B956 /* Release */,
			);
			defaultConfigurationIsVisible = 0;
			defaultConfigurationName = Release;
		};
/* End XCConfigurationList section */
	};
	rootObject = A5432BE527E3633000C4B956 /* Project object */;
}
