// !$*UTF8*$!
{
	archiveVersion = 1;
	classes = {
	};
	objectVersion = 55;
	objects = {

/* Begin PBXBuildFile section */
		A56F08AA27FAA190005C1349 /* AppDelegate.swift in Sources */ = {isa = PBXBuildFile; fileRef = A56F08A927FAA190005C1349 /* AppDelegate.swift */; };
		A56F08AC27FAA190005C1349 /* SceneDelegate.swift in Sources */ = {isa = PBXBuildFile; fileRef = A56F08AB27FAA190005C1349 /* SceneDelegate.swift */; };
		A56F08AE27FAA190005C1349 /* ViewController.swift in Sources */ = {isa = PBXBuildFile; fileRef = A56F08AD27FAA190005C1349 /* ViewController.swift */; };
		A56F08B127FAA190005C1349 /* Main.storyboard in Resources */ = {isa = PBXBuildFile; fileRef = A56F08AF27FAA190005C1349 /* Main.storyboard */; };
		A56F08B427FAA190005C1349 /* PhotoGalleryApp.xcdatamodeld in Sources */ = {isa = PBXBuildFile; fileRef = A56F08B227FAA190005C1349 /* PhotoGalleryApp.xcdatamodeld */; };
		A56F08B627FAA191005C1349 /* Assets.xcassets in Resources */ = {isa = PBXBuildFile; fileRef = A56F08B527FAA191005C1349 /* Assets.xcassets */; };
		A56F08B927FAA191005C1349 /* LaunchScreen.storyboard in Resources */ = {isa = PBXBuildFile; fileRef = A56F08B727FAA191005C1349 /* LaunchScreen.storyboard */; };
		A56F08C427FAA191005C1349 /* PhotoGalleryAppTests.swift in Sources */ = {isa = PBXBuildFile; fileRef = A56F08C327FAA191005C1349 /* PhotoGalleryAppTests.swift */; };
		A56F08CE27FAA191005C1349 /* PhotoGalleryAppUITests.swift in Sources */ = {isa = PBXBuildFile; fileRef = A56F08CD27FAA191005C1349 /* PhotoGalleryAppUITests.swift */; };
		A56F08D027FAA191005C1349 /* PhotoGalleryAppUITestsLaunchTests.swift in Sources */ = {isa = PBXBuildFile; fileRef = A56F08CF27FAA191005C1349 /* PhotoGalleryAppUITestsLaunchTests.swift */; };
		A56F08DD27FAABF6005C1349 /* PhotoCell.swift in Sources */ = {isa = PBXBuildFile; fileRef = A56F08DC27FAABF6005C1349 /* PhotoCell.swift */; };
/* End PBXBuildFile section */

/* Begin PBXContainerItemProxy section */
		A56F08C027FAA191005C1349 /* PBXContainerItemProxy */ = {
			isa = PBXContainerItemProxy;
			containerPortal = A56F089E27FAA190005C1349 /* Project object */;
			proxyType = 1;
			remoteGlobalIDString = A56F08A527FAA190005C1349;
			remoteInfo = PhotoGalleryApp;
		};
		A56F08CA27FAA191005C1349 /* PBXContainerItemProxy */ = {
			isa = PBXContainerItemProxy;
			containerPortal = A56F089E27FAA190005C1349 /* Project object */;
			proxyType = 1;
			remoteGlobalIDString = A56F08A527FAA190005C1349;
			remoteInfo = PhotoGalleryApp;
		};
/* End PBXContainerItemProxy section */

/* Begin PBXFileReference section */
		A56F08A627FAA190005C1349 /* PhotoGalleryApp.app */ = {isa = PBXFileReference; explicitFileType = wrapper.application; includeInIndex = 0; path = PhotoGalleryApp.app; sourceTree = BUILT_PRODUCTS_DIR; };
		A56F08A927FAA190005C1349 /* AppDelegate.swift */ = {isa = PBXFileReference; lastKnownFileType = sourcecode.swift; path = AppDelegate.swift; sourceTree = "<group>"; };
		A56F08AB27FAA190005C1349 /* SceneDelegate.swift */ = {isa = PBXFileReference; lastKnownFileType = sourcecode.swift; path = SceneDelegate.swift; sourceTree = "<group>"; };
		A56F08AD27FAA190005C1349 /* ViewController.swift */ = {isa = PBXFileReference; lastKnownFileType = sourcecode.swift; path = ViewController.swift; sourceTree = "<group>"; };
		A56F08B027FAA190005C1349 /* Base */ = {isa = PBXFileReference; lastKnownFileType = file.storyboard; name = Base; path = Base.lproj/Main.storyboard; sourceTree = "<group>"; };
		A56F08B327FAA190005C1349 /* PhotoGalleryApp.xcdatamodel */ = {isa = PBXFileReference; lastKnownFileType = wrapper.xcdatamodel; path = PhotoGalleryApp.xcdatamodel; sourceTree = "<group>"; };
		A56F08B527FAA191005C1349 /* Assets.xcassets */ = {isa = PBXFileReference; lastKnownFileType = folder.assetcatalog; path = Assets.xcassets; sourceTree = "<group>"; };
		A56F08B827FAA191005C1349 /* Base */ = {isa = PBXFileReference; lastKnownFileType = file.storyboard; name = Base; path = Base.lproj/LaunchScreen.storyboard; sourceTree = "<group>"; };
		A56F08BA27FAA191005C1349 /* Info.plist */ = {isa = PBXFileReference; lastKnownFileType = text.plist.xml; path = Info.plist; sourceTree = "<group>"; };
		A56F08BF27FAA191005C1349 /* PhotoGalleryAppTests.xctest */ = {isa = PBXFileReference; explicitFileType = wrapper.cfbundle; includeInIndex = 0; path = PhotoGalleryAppTests.xctest; sourceTree = BUILT_PRODUCTS_DIR; };
		A56F08C327FAA191005C1349 /* PhotoGalleryAppTests.swift */ = {isa = PBXFileReference; lastKnownFileType = sourcecode.swift; path = PhotoGalleryAppTests.swift; sourceTree = "<group>"; };
		A56F08C927FAA191005C1349 /* PhotoGalleryAppUITests.xctest */ = {isa = PBXFileReference; explicitFileType = wrapper.cfbundle; includeInIndex = 0; path = PhotoGalleryAppUITests.xctest; sourceTree = BUILT_PRODUCTS_DIR; };
		A56F08CD27FAA191005C1349 /* PhotoGalleryAppUITests.swift */ = {isa = PBXFileReference; lastKnownFileType = sourcecode.swift; path = PhotoGalleryAppUITests.swift; sourceTree = "<group>"; };
		A56F08CF27FAA191005C1349 /* PhotoGalleryAppUITestsLaunchTests.swift */ = {isa = PBXFileReference; lastKnownFileType = sourcecode.swift; path = PhotoGalleryAppUITestsLaunchTests.swift; sourceTree = "<group>"; };
		A56F08DC27FAABF6005C1349 /* PhotoCell.swift */ = {isa = PBXFileReference; lastKnownFileType = sourcecode.swift; path = PhotoCell.swift; sourceTree = "<group>"; };
/* End PBXFileReference section */

/* Begin PBXFrameworksBuildPhase section */
		A56F08A327FAA190005C1349 /* Frameworks */ = {
			isa = PBXFrameworksBuildPhase;
			buildActionMask = 2147483647;
			files = (
			);
			runOnlyForDeploymentPostprocessing = 0;
		};
		A56F08BC27FAA191005C1349 /* Frameworks */ = {
			isa = PBXFrameworksBuildPhase;
			buildActionMask = 2147483647;
			files = (
			);
			runOnlyForDeploymentPostprocessing = 0;
		};
		A56F08C627FAA191005C1349 /* Frameworks */ = {
			isa = PBXFrameworksBuildPhase;
			buildActionMask = 2147483647;
			files = (
			);
			runOnlyForDeploymentPostprocessing = 0;
		};
/* End PBXFrameworksBuildPhase section */

/* Begin PBXGroup section */
		A56F089D27FAA190005C1349 = {
			isa = PBXGroup;
			children = (
				A56F08A827FAA190005C1349 /* PhotoGalleryApp */,
				A56F08C227FAA191005C1349 /* PhotoGalleryAppTests */,
				A56F08CC27FAA191005C1349 /* PhotoGalleryAppUITests */,
				A56F08A727FAA190005C1349 /* Products */,
			);
			sourceTree = "<group>";
		};
		A56F08A727FAA190005C1349 /* Products */ = {
			isa = PBXGroup;
			children = (
				A56F08A627FAA190005C1349 /* PhotoGalleryApp.app */,
				A56F08BF27FAA191005C1349 /* PhotoGalleryAppTests.xctest */,
				A56F08C927FAA191005C1349 /* PhotoGalleryAppUITests.xctest */,
			);
			name = Products;
			sourceTree = "<group>";
		};
		A56F08A827FAA190005C1349 /* PhotoGalleryApp */ = {
			isa = PBXGroup;
			children = (
				A56F08A927FAA190005C1349 /* AppDelegate.swift */,
				A56F08AB27FAA190005C1349 /* SceneDelegate.swift */,
				A56F08AD27FAA190005C1349 /* ViewController.swift */,
				A56F08AF27FAA190005C1349 /* Main.storyboard */,
				A56F08DC27FAABF6005C1349 /* PhotoCell.swift */,
				A56F08B527FAA191005C1349 /* Assets.xcassets */,
				A56F08B727FAA191005C1349 /* LaunchScreen.storyboard */,
				A56F08BA27FAA191005C1349 /* Info.plist */,
				A56F08B227FAA190005C1349 /* PhotoGalleryApp.xcdatamodeld */,
			);
			path = PhotoGalleryApp;
			sourceTree = "<group>";
		};
		A56F08C227FAA191005C1349 /* PhotoGalleryAppTests */ = {
			isa = PBXGroup;
			children = (
				A56F08C327FAA191005C1349 /* PhotoGalleryAppTests.swift */,
			);
			path = PhotoGalleryAppTests;
			sourceTree = "<group>";
		};
		A56F08CC27FAA191005C1349 /* PhotoGalleryAppUITests */ = {
			isa = PBXGroup;
			children = (
				A56F08CD27FAA191005C1349 /* PhotoGalleryAppUITests.swift */,
				A56F08CF27FAA191005C1349 /* PhotoGalleryAppUITestsLaunchTests.swift */,
			);
			path = PhotoGalleryAppUITests;
			sourceTree = "<group>";
		};
/* End PBXGroup section */

/* Begin PBXNativeTarget section */
		A56F08A527FAA190005C1349 /* PhotoGalleryApp */ = {
			isa = PBXNativeTarget;
			buildConfigurationList = A56F08D327FAA191005C1349 /* Build configuration list for PBXNativeTarget "PhotoGalleryApp" */;
			buildPhases = (
				A56F08A227FAA190005C1349 /* Sources */,
				A56F08A327FAA190005C1349 /* Frameworks */,
				A56F08A427FAA190005C1349 /* Resources */,
			);
			buildRules = (
			);
			dependencies = (
			);
			name = PhotoGalleryApp;
			productName = PhotoGalleryApp;
			productReference = A56F08A627FAA190005C1349 /* PhotoGalleryApp.app */;
			productType = "com.apple.product-type.application";
		};
		A56F08BE27FAA191005C1349 /* PhotoGalleryAppTests */ = {
			isa = PBXNativeTarget;
			buildConfigurationList = A56F08D627FAA191005C1349 /* Build configuration list for PBXNativeTarget "PhotoGalleryAppTests" */;
			buildPhases = (
				A56F08BB27FAA191005C1349 /* Sources */,
				A56F08BC27FAA191005C1349 /* Frameworks */,
				A56F08BD27FAA191005C1349 /* Resources */,
			);
			buildRules = (
			);
			dependencies = (
				A56F08C127FAA191005C1349 /* PBXTargetDependency */,
			);
			name = PhotoGalleryAppTests;
			productName = PhotoGalleryAppTests;
			productReference = A56F08BF27FAA191005C1349 /* PhotoGalleryAppTests.xctest */;
			productType = "com.apple.product-type.bundle.unit-test";
		};
		A56F08C827FAA191005C1349 /* PhotoGalleryAppUITests */ = {
			isa = PBXNativeTarget;
			buildConfigurationList = A56F08D927FAA191005C1349 /* Build configuration list for PBXNativeTarget "PhotoGalleryAppUITests" */;
			buildPhases = (
				A56F08C527FAA191005C1349 /* Sources */,
				A56F08C627FAA191005C1349 /* Frameworks */,
				A56F08C727FAA191005C1349 /* Resources */,
			);
			buildRules = (
			);
			dependencies = (
				A56F08CB27FAA191005C1349 /* PBXTargetDependency */,
			);
			name = PhotoGalleryAppUITests;
			productName = PhotoGalleryAppUITests;
			productReference = A56F08C927FAA191005C1349 /* PhotoGalleryAppUITests.xctest */;
			productType = "com.apple.product-type.bundle.ui-testing";
		};
/* End PBXNativeTarget section */

/* Begin PBXProject section */
		A56F089E27FAA190005C1349 /* Project object */ = {
			isa = PBXProject;
			attributes = {
				BuildIndependentTargetsInParallel = 1;
				LastSwiftUpdateCheck = 1330;
				LastUpgradeCheck = 1330;
				TargetAttributes = {
					A56F08A527FAA190005C1349 = {
						CreatedOnToolsVersion = 13.3;
					};
					A56F08BE27FAA191005C1349 = {
						CreatedOnToolsVersion = 13.3;
						TestTargetID = A56F08A527FAA190005C1349;
					};
					A56F08C827FAA191005C1349 = {
						CreatedOnToolsVersion = 13.3;
						TestTargetID = A56F08A527FAA190005C1349;
					};
				};
			};
			buildConfigurationList = A56F08A127FAA190005C1349 /* Build configuration list for PBXProject "PhotoGalleryApp" */;
			compatibilityVersion = "Xcode 13.0";
			developmentRegion = en;
			hasScannedForEncodings = 0;
			knownRegions = (
				en,
				Base,
			);
			mainGroup = A56F089D27FAA190005C1349;
			productRefGroup = A56F08A727FAA190005C1349 /* Products */;
			projectDirPath = "";
			projectRoot = "";
			targets = (
				A56F08A527FAA190005C1349 /* PhotoGalleryApp */,
				A56F08BE27FAA191005C1349 /* PhotoGalleryAppTests */,
				A56F08C827FAA191005C1349 /* PhotoGalleryAppUITests */,
			);
		};
/* End PBXProject section */

/* Begin PBXResourcesBuildPhase section */
		A56F08A427FAA190005C1349 /* Resources */ = {
			isa = PBXResourcesBuildPhase;
			buildActionMask = 2147483647;
			files = (
				A56F08B927FAA191005C1349 /* LaunchScreen.storyboard in Resources */,
				A56F08B627FAA191005C1349 /* Assets.xcassets in Resources */,
				A56F08B127FAA190005C1349 /* Main.storyboard in Resources */,
			);
			runOnlyForDeploymentPostprocessing = 0;
		};
		A56F08BD27FAA191005C1349 /* Resources */ = {
			isa = PBXResourcesBuildPhase;
			buildActionMask = 2147483647;
			files = (
			);
			runOnlyForDeploymentPostprocessing = 0;
		};
		A56F08C727FAA191005C1349 /* Resources */ = {
			isa = PBXResourcesBuildPhase;
			buildActionMask = 2147483647;
			files = (
			);
			runOnlyForDeploymentPostprocessing = 0;
		};
/* End PBXResourcesBuildPhase section */

/* Begin PBXSourcesBuildPhase section */
		A56F08A227FAA190005C1349 /* Sources */ = {
			isa = PBXSourcesBuildPhase;
			buildActionMask = 2147483647;
			files = (
				A56F08AE27FAA190005C1349 /* ViewController.swift in Sources */,
				A56F08DD27FAABF6005C1349 /* PhotoCell.swift in Sources */,
				A56F08AA27FAA190005C1349 /* AppDelegate.swift in Sources */,
				A56F08AC27FAA190005C1349 /* SceneDelegate.swift in Sources */,
				A56F08B427FAA190005C1349 /* PhotoGalleryApp.xcdatamodeld in Sources */,
			);
			runOnlyForDeploymentPostprocessing = 0;
		};
		A56F08BB27FAA191005C1349 /* Sources */ = {
			isa = PBXSourcesBuildPhase;
			buildActionMask = 2147483647;
			files = (
				A56F08C427FAA191005C1349 /* PhotoGalleryAppTests.swift in Sources */,
			);
			runOnlyForDeploymentPostprocessing = 0;
		};
		A56F08C527FAA191005C1349 /* Sources */ = {
			isa = PBXSourcesBuildPhase;
			buildActionMask = 2147483647;
			files = (
				A56F08D027FAA191005C1349 /* PhotoGalleryAppUITestsLaunchTests.swift in Sources */,
				A56F08CE27FAA191005C1349 /* PhotoGalleryAppUITests.swift in Sources */,
			);
			runOnlyForDeploymentPostprocessing = 0;
		};
/* End PBXSourcesBuildPhase section */

/* Begin PBXTargetDependency section */
		A56F08C127FAA191005C1349 /* PBXTargetDependency */ = {
			isa = PBXTargetDependency;
			target = A56F08A527FAA190005C1349 /* PhotoGalleryApp */;
			targetProxy = A56F08C027FAA191005C1349 /* PBXContainerItemProxy */;
		};
		A56F08CB27FAA191005C1349 /* PBXTargetDependency */ = {
			isa = PBXTargetDependency;
			target = A56F08A527FAA190005C1349 /* PhotoGalleryApp */;
			targetProxy = A56F08CA27FAA191005C1349 /* PBXContainerItemProxy */;
		};
/* End PBXTargetDependency section */

/* Begin PBXVariantGroup section */
		A56F08AF27FAA190005C1349 /* Main.storyboard */ = {
			isa = PBXVariantGroup;
			children = (
				A56F08B027FAA190005C1349 /* Base */,
			);
			name = Main.storyboard;
			sourceTree = "<group>";
		};
		A56F08B727FAA191005C1349 /* LaunchScreen.storyboard */ = {
			isa = PBXVariantGroup;
			children = (
				A56F08B827FAA191005C1349 /* Base */,
			);
			name = LaunchScreen.storyboard;
			sourceTree = "<group>";
		};
/* End PBXVariantGroup section */

/* Begin XCBuildConfiguration section */
		A56F08D127FAA191005C1349 /* Debug */ = {
			isa = XCBuildConfiguration;
			buildSettings = {
				ALWAYS_SEARCH_USER_PATHS = NO;
				CLANG_ANALYZER_NONNULL = YES;
				CLANG_ANALYZER_NUMBER_OBJECT_CONVERSION = YES_AGGRESSIVE;
				CLANG_CXX_LANGUAGE_STANDARD = "gnu++17";
				CLANG_ENABLE_MODULES = YES;
				CLANG_ENABLE_OBJC_ARC = YES;
				CLANG_ENABLE_OBJC_WEAK = YES;
				CLANG_WARN_BLOCK_CAPTURE_AUTORELEASING = YES;
				CLANG_WARN_BOOL_CONVERSION = YES;
				CLANG_WARN_COMMA = YES;
				CLANG_WARN_CONSTANT_CONVERSION = YES;
				CLANG_WARN_DEPRECATED_OBJC_IMPLEMENTATIONS = YES;
				CLANG_WARN_DIRECT_OBJC_ISA_USAGE = YES_ERROR;
				CLANG_WARN_DOCUMENTATION_COMMENTS = YES;
				CLANG_WARN_EMPTY_BODY = YES;
				CLANG_WARN_ENUM_CONVERSION = YES;
				CLANG_WARN_INFINITE_RECURSION = YES;
				CLANG_WARN_INT_CONVERSION = YES;
				CLANG_WARN_NON_LITERAL_NULL_CONVERSION = YES;
				CLANG_WARN_OBJC_IMPLICIT_RETAIN_SELF = YES;
				CLANG_WARN_OBJC_LITERAL_CONVERSION = YES;
				CLANG_WARN_OBJC_ROOT_CLASS = YES_ERROR;
				CLANG_WARN_QUOTED_INCLUDE_IN_FRAMEWORK_HEADER = YES;
				CLANG_WARN_RANGE_LOOP_ANALYSIS = YES;
				CLANG_WARN_STRICT_PROTOTYPES = YES;
				CLANG_WARN_SUSPICIOUS_MOVE = YES;
				CLANG_WARN_UNGUARDED_AVAILABILITY = YES_AGGRESSIVE;
				CLANG_WARN_UNREACHABLE_CODE = YES;
				CLANG_WARN__DUPLICATE_METHOD_MATCH = YES;
				COPY_PHASE_STRIP = NO;
				DEBUG_INFORMATION_FORMAT = dwarf;
				ENABLE_STRICT_OBJC_MSGSEND = YES;
				ENABLE_TESTABILITY = YES;
				GCC_C_LANGUAGE_STANDARD = gnu11;
				GCC_DYNAMIC_NO_PIC = NO;
				GCC_NO_COMMON_BLOCKS = YES;
				GCC_OPTIMIZATION_LEVEL = 0;
				GCC_PREPROCESSOR_DEFINITIONS = (
					"DEBUG=1",
					"$(inherited)",
				);
				GCC_WARN_64_TO_32_BIT_CONVERSION = YES;
				GCC_WARN_ABOUT_RETURN_TYPE = YES_ERROR;
				GCC_WARN_UNDECLARED_SELECTOR = YES;
				GCC_WARN_UNINITIALIZED_AUTOS = YES_AGGRESSIVE;
				GCC_WARN_UNUSED_FUNCTION = YES;
				GCC_WARN_UNUSED_VARIABLE = YES;
				IPHONEOS_DEPLOYMENT_TARGET = 15.4;
				MTL_ENABLE_DEBUG_INFO = INCLUDE_SOURCE;
				MTL_FAST_MATH = YES;
				ONLY_ACTIVE_ARCH = YES;
				SDKROOT = iphoneos;
				SWIFT_ACTIVE_COMPILATION_CONDITIONS = DEBUG;
				SWIFT_OPTIMIZATION_LEVEL = "-Onone";
			};
			name = Debug;
		};
		A56F08D227FAA191005C1349 /* Release */ = {
			isa = XCBuildConfiguration;
			buildSettings = {
				ALWAYS_SEARCH_USER_PATHS = NO;
				CLANG_ANALYZER_NONNULL = YES;
				CLANG_ANALYZER_NUMBER_OBJECT_CONVERSION = YES_AGGRESSIVE;
				CLANG_CXX_LANGUAGE_STANDARD = "gnu++17";
				CLANG_ENABLE_MODULES = YES;
				CLANG_ENABLE_OBJC_ARC = YES;
				CLANG_ENABLE_OBJC_WEAK = YES;
				CLANG_WARN_BLOCK_CAPTURE_AUTORELEASING = YES;
				CLANG_WARN_BOOL_CONVERSION = YES;
				CLANG_WARN_COMMA = YES;
				CLANG_WARN_CONSTANT_CONVERSION = YES;
				CLANG_WARN_DEPRECATED_OBJC_IMPLEMENTATIONS = YES;
				CLANG_WARN_DIRECT_OBJC_ISA_USAGE = YES_ERROR;
				CLANG_WARN_DOCUMENTATION_COMMENTS = YES;
				CLANG_WARN_EMPTY_BODY = YES;
				CLANG_WARN_ENUM_CONVERSION = YES;
				CLANG_WARN_INFINITE_RECURSION = YES;
				CLANG_WARN_INT_CONVERSION = YES;
				CLANG_WARN_NON_LITERAL_NULL_CONVERSION = YES;
				CLANG_WARN_OBJC_IMPLICIT_RETAIN_SELF = YES;
				CLANG_WARN_OBJC_LITERAL_CONVERSION = YES;
				CLANG_WARN_OBJC_ROOT_CLASS = YES_ERROR;
				CLANG_WARN_QUOTED_INCLUDE_IN_FRAMEWORK_HEADER = YES;
				CLANG_WARN_RANGE_LOOP_ANALYSIS = YES;
				CLANG_WARN_STRICT_PROTOTYPES = YES;
				CLANG_WARN_SUSPICIOUS_MOVE = YES;
				CLANG_WARN_UNGUARDED_AVAILABILITY = YES_AGGRESSIVE;
				CLANG_WARN_UNREACHABLE_CODE = YES;
				CLANG_WARN__DUPLICATE_METHOD_MATCH = YES;
				COPY_PHASE_STRIP = NO;
				DEBUG_INFORMATION_FORMAT = "dwarf-with-dsym";
				ENABLE_NS_ASSERTIONS = NO;
				ENABLE_STRICT_OBJC_MSGSEND = YES;
				GCC_C_LANGUAGE_STANDARD = gnu11;
				GCC_NO_COMMON_BLOCKS = YES;
				GCC_WARN_64_TO_32_BIT_CONVERSION = YES;
				GCC_WARN_ABOUT_RETURN_TYPE = YES_ERROR;
				GCC_WARN_UNDECLARED_SELECTOR = YES;
				GCC_WARN_UNINITIALIZED_AUTOS = YES_AGGRESSIVE;
				GCC_WARN_UNUSED_FUNCTION = YES;
				GCC_WARN_UNUSED_VARIABLE = YES;
				IPHONEOS_DEPLOYMENT_TARGET = 15.4;
				MTL_ENABLE_DEBUG_INFO = NO;
				MTL_FAST_MATH = YES;
				SDKROOT = iphoneos;
				SWIFT_COMPILATION_MODE = wholemodule;
				SWIFT_OPTIMIZATION_LEVEL = "-O";
				VALIDATE_PRODUCT = YES;
			};
			name = Release;
		};
		A56F08D427FAA191005C1349 /* Debug */ = {
			isa = XCBuildConfiguration;
			buildSettings = {
				ASSETCATALOG_COMPILER_APPICON_NAME = AppIcon;
				ASSETCATALOG_COMPILER_GLOBAL_ACCENT_COLOR_NAME = AccentColor;
				CODE_SIGN_STYLE = Automatic;
				CURRENT_PROJECT_VERSION = 1;
				DEVELOPMENT_TEAM = 82Q3S9Q2PL;
				GENERATE_INFOPLIST_FILE = YES;
				INFOPLIST_FILE = PhotoGalleryApp/Info.plist;
				INFOPLIST_KEY_UIApplicationSupportsIndirectInputEvents = YES;
				INFOPLIST_KEY_UILaunchStoryboardName = LaunchScreen;
				INFOPLIST_KEY_UIMainStoryboardFile = Main;
				INFOPLIST_KEY_UISupportedInterfaceOrientations_iPad = "UIInterfaceOrientationPortrait UIInterfaceOrientationPortraitUpsideDown UIInterfaceOrientationLandscapeLeft UIInterfaceOrientationLandscapeRight";
				INFOPLIST_KEY_UISupportedInterfaceOrientations_iPhone = "UIInterfaceOrientationPortrait UIInterfaceOrientationLandscapeLeft UIInterfaceOrientationLandscapeRight";
				IPHONEOS_DEPLOYMENT_TARGET = 14.0;
				LD_RUNPATH_SEARCH_PATHS = (
					"$(inherited)",
					"@executable_path/Frameworks",
				);
				MARKETING_VERSION = 1.0;
				PRODUCT_BUNDLE_IDENTIFIER = hynam.PhotoGalleryApp;
				PRODUCT_NAME = "$(TARGET_NAME)";
				SWIFT_EMIT_LOC_STRINGS = YES;
				SWIFT_VERSION = 5.0;
				TARGETED_DEVICE_FAMILY = "1,2";
			};
			name = Debug;
		};
		A56F08D527FAA191005C1349 /* Release */ = {
			isa = XCBuildConfiguration;
			buildSettings = {
				ASSETCATALOG_COMPILER_APPICON_NAME = AppIcon;
				ASSETCATALOG_COMPILER_GLOBAL_ACCENT_COLOR_NAME = AccentColor;
				CODE_SIGN_STYLE = Automatic;
				CURRENT_PROJECT_VERSION = 1;
				DEVELOPMENT_TEAM = 82Q3S9Q2PL;
				GENERATE_INFOPLIST_FILE = YES;
				INFOPLIST_FILE = PhotoGalleryApp/Info.plist;
				INFOPLIST_KEY_UIApplicationSupportsIndirectInputEvents = YES;
				INFOPLIST_KEY_UILaunchStoryboardName = LaunchScreen;
				INFOPLIST_KEY_UIMainStoryboardFile = Main;
				INFOPLIST_KEY_UISupportedInterfaceOrientations_iPad = "UIInterfaceOrientationPortrait UIInterfaceOrientationPortraitUpsideDown UIInterfaceOrientationLandscapeLeft UIInterfaceOrientationLandscapeRight";
				INFOPLIST_KEY_UISupportedInterfaceOrientations_iPhone = "UIInterfaceOrientationPortrait UIInterfaceOrientationLandscapeLeft UIInterfaceOrientationLandscapeRight";
				IPHONEOS_DEPLOYMENT_TARGET = 14.0;
				LD_RUNPATH_SEARCH_PATHS = (
					"$(inherited)",
					"@executable_path/Frameworks",
				);
				MARKETING_VERSION = 1.0;
				PRODUCT_BUNDLE_IDENTIFIER = hynam.PhotoGalleryApp;
				PRODUCT_NAME = "$(TARGET_NAME)";
				SWIFT_EMIT_LOC_STRINGS = YES;
				SWIFT_VERSION = 5.0;
				TARGETED_DEVICE_FAMILY = "1,2";
			};
			name = Release;
		};
		A56F08D727FAA191005C1349 /* Debug */ = {
			isa = XCBuildConfiguration;
			buildSettings = {
				ALWAYS_EMBED_SWIFT_STANDARD_LIBRARIES = YES;
				BUNDLE_LOADER = "$(TEST_HOST)";
				CODE_SIGN_STYLE = Automatic;
				CURRENT_PROJECT_VERSION = 1;
				DEVELOPMENT_TEAM = 82Q3S9Q2PL;
				GENERATE_INFOPLIST_FILE = YES;
				IPHONEOS_DEPLOYMENT_TARGET = 15.4;
				MARKETING_VERSION = 1.0;
				PRODUCT_BUNDLE_IDENTIFIER = hynam.PhotoGalleryAppTests;
				PRODUCT_NAME = "$(TARGET_NAME)";
				SWIFT_EMIT_LOC_STRINGS = NO;
				SWIFT_VERSION = 5.0;
				TARGETED_DEVICE_FAMILY = "1,2";
				TEST_HOST = "$(BUILT_PRODUCTS_DIR)/PhotoGalleryApp.app/PhotoGalleryApp";
			};
			name = Debug;
		};
		A56F08D827FAA191005C1349 /* Release */ = {
			isa = XCBuildConfiguration;
			buildSettings = {
				ALWAYS_EMBED_SWIFT_STANDARD_LIBRARIES = YES;
				BUNDLE_LOADER = "$(TEST_HOST)";
				CODE_SIGN_STYLE = Automatic;
				CURRENT_PROJECT_VERSION = 1;
				DEVELOPMENT_TEAM = 82Q3S9Q2PL;
				GENERATE_INFOPLIST_FILE = YES;
				IPHONEOS_DEPLOYMENT_TARGET = 15.4;
				MARKETING_VERSION = 1.0;
				PRODUCT_BUNDLE_IDENTIFIER = hynam.PhotoGalleryAppTests;
				PRODUCT_NAME = "$(TARGET_NAME)";
				SWIFT_EMIT_LOC_STRINGS = NO;
				SWIFT_VERSION = 5.0;
				TARGETED_DEVICE_FAMILY = "1,2";
				TEST_HOST = "$(BUILT_PRODUCTS_DIR)/PhotoGalleryApp.app/PhotoGalleryApp";
			};
			name = Release;
		};
		A56F08DA27FAA191005C1349 /* Debug */ = {
			isa = XCBuildConfiguration;
			buildSettings = {
				ALWAYS_EMBED_SWIFT_STANDARD_LIBRARIES = YES;
				CODE_SIGN_STYLE = Automatic;
				CURRENT_PROJECT_VERSION = 1;
				DEVELOPMENT_TEAM = 82Q3S9Q2PL;
				GENERATE_INFOPLIST_FILE = YES;
				MARKETING_VERSION = 1.0;
				PRODUCT_BUNDLE_IDENTIFIER = hynam.PhotoGalleryAppUITests;
				PRODUCT_NAME = "$(TARGET_NAME)";
				SWIFT_EMIT_LOC_STRINGS = NO;
				SWIFT_VERSION = 5.0;
				TARGETED_DEVICE_FAMILY = "1,2";
				TEST_TARGET_NAME = PhotoGalleryApp;
			};
			name = Debug;
		};
		A56F08DB27FAA191005C1349 /* Release */ = {
			isa = XCBuildConfiguration;
			buildSettings = {
				ALWAYS_EMBED_SWIFT_STANDARD_LIBRARIES = YES;
				CODE_SIGN_STYLE = Automatic;
				CURRENT_PROJECT_VERSION = 1;
				DEVELOPMENT_TEAM = 82Q3S9Q2PL;
				GENERATE_INFOPLIST_FILE = YES;
				MARKETING_VERSION = 1.0;
				PRODUCT_BUNDLE_IDENTIFIER = hynam.PhotoGalleryAppUITests;
				PRODUCT_NAME = "$(TARGET_NAME)";
				SWIFT_EMIT_LOC_STRINGS = NO;
				SWIFT_VERSION = 5.0;
				TARGETED_DEVICE_FAMILY = "1,2";
				TEST_TARGET_NAME = PhotoGalleryApp;
			};
			name = Release;
		};
/* End XCBuildConfiguration section */

/* Begin XCConfigurationList section */
		A56F08A127FAA190005C1349 /* Build configuration list for PBXProject "PhotoGalleryApp" */ = {
			isa = XCConfigurationList;
			buildConfigurations = (
				A56F08D127FAA191005C1349 /* Debug */,
				A56F08D227FAA191005C1349 /* Release */,
			);
			defaultConfigurationIsVisible = 0;
			defaultConfigurationName = Release;
		};
		A56F08D327FAA191005C1349 /* Build configuration list for PBXNativeTarget "PhotoGalleryApp" */ = {
			isa = XCConfigurationList;
			buildConfigurations = (
				A56F08D427FAA191005C1349 /* Debug */,
				A56F08D527FAA191005C1349 /* Release */,
			);
			defaultConfigurationIsVisible = 0;
			defaultConfigurationName = Release;
		};
		A56F08D627FAA191005C1349 /* Build configuration list for PBXNativeTarget "PhotoGalleryAppTests" */ = {
			isa = XCConfigurationList;
			buildConfigurations = (
				A56F08D727FAA191005C1349 /* Debug */,
				A56F08D827FAA191005C1349 /* Release */,
			);
			defaultConfigurationIsVisible = 0;
			defaultConfigurationName = Release;
		};
		A56F08D927FAA191005C1349 /* Build configuration list for PBXNativeTarget "PhotoGalleryAppUITests" */ = {
			isa = XCConfigurationList;
			buildConfigurations = (
				A56F08DA27FAA191005C1349 /* Debug */,
				A56F08DB27FAA191005C1349 /* Release */,
			);
			defaultConfigurationIsVisible = 0;
			defaultConfigurationName = Release;
		};
/* End XCConfigurationList section */

/* Begin XCVersionGroup section */
		A56F08B227FAA190005C1349 /* PhotoGalleryApp.xcdatamodeld */ = {
			isa = XCVersionGroup;
			children = (
				A56F08B327FAA190005C1349 /* PhotoGalleryApp.xcdatamodel */,
			);
			currentVersion = A56F08B327FAA190005C1349 /* PhotoGalleryApp.xcdatamodel */;
			path = PhotoGalleryApp.xcdatamodeld;
			sourceTree = "<group>";
			versionGroupType = wrapper.xcdatamodel;
		};
/* End XCVersionGroup section */
	};
	rootObject = A56F089E27FAA190005C1349 /* Project object */;
}
