// !$*UTF8*$!
{
	archiveVersion = 1;
	classes = {
	};
	objectVersion = 55;
	objects = {

/* Begin PBXBuildFile section */
		A58840BF2816E1A000CE5D82 /* AppDelegate.swift in Sources */ = {isa = PBXBuildFile; fileRef = A58840BE2816E1A000CE5D82 /* AppDelegate.swift */; };
		A58840C12816E1A000CE5D82 /* SceneDelegate.swift in Sources */ = {isa = PBXBuildFile; fileRef = A58840C02816E1A000CE5D82 /* SceneDelegate.swift */; };
		A58840C32816E1A000CE5D82 /* ViewController.swift in Sources */ = {isa = PBXBuildFile; fileRef = A58840C22816E1A000CE5D82 /* ViewController.swift */; };
		A58840C62816E1A000CE5D82 /* Main.storyboard in Resources */ = {isa = PBXBuildFile; fileRef = A58840C42816E1A000CE5D82 /* Main.storyboard */; };
		A58840C82816E1A000CE5D82 /* Assets.xcassets in Resources */ = {isa = PBXBuildFile; fileRef = A58840C72816E1A000CE5D82 /* Assets.xcassets */; };
		A58840CB2816E1A000CE5D82 /* LaunchScreen.storyboard in Resources */ = {isa = PBXBuildFile; fileRef = A58840C92816E1A000CE5D82 /* LaunchScreen.storyboard */; };
		A58840D62816E1A000CE5D82 /* CustomSwitchTests.swift in Sources */ = {isa = PBXBuildFile; fileRef = A58840D52816E1A000CE5D82 /* CustomSwitchTests.swift */; };
		A58840E02816E1A000CE5D82 /* CustomSwitchUITests.swift in Sources */ = {isa = PBXBuildFile; fileRef = A58840DF2816E1A000CE5D82 /* CustomSwitchUITests.swift */; };
		A58840E22816E1A000CE5D82 /* CustomSwitchUITestsLaunchTests.swift in Sources */ = {isa = PBXBuildFile; fileRef = A58840E12816E1A000CE5D82 /* CustomSwitchUITestsLaunchTests.swift */; };
/* End PBXBuildFile section */

/* Begin PBXContainerItemProxy section */
		A58840D22816E1A000CE5D82 /* PBXContainerItemProxy */ = {
			isa = PBXContainerItemProxy;
			containerPortal = A58840B32816E1A000CE5D82 /* Project object */;
			proxyType = 1;
			remoteGlobalIDString = A58840BA2816E1A000CE5D82;
			remoteInfo = CustomSwitch;
		};
		A58840DC2816E1A000CE5D82 /* PBXContainerItemProxy */ = {
			isa = PBXContainerItemProxy;
			containerPortal = A58840B32816E1A000CE5D82 /* Project object */;
			proxyType = 1;
			remoteGlobalIDString = A58840BA2816E1A000CE5D82;
			remoteInfo = CustomSwitch;
		};
/* End PBXContainerItemProxy section */

/* Begin PBXFileReference section */
		A58840BB2816E1A000CE5D82 /* CustomSwitch.app */ = {isa = PBXFileReference; explicitFileType = wrapper.application; includeInIndex = 0; path = CustomSwitch.app; sourceTree = BUILT_PRODUCTS_DIR; };
		A58840BE2816E1A000CE5D82 /* AppDelegate.swift */ = {isa = PBXFileReference; lastKnownFileType = sourcecode.swift; path = AppDelegate.swift; sourceTree = "<group>"; };
		A58840C02816E1A000CE5D82 /* SceneDelegate.swift */ = {isa = PBXFileReference; lastKnownFileType = sourcecode.swift; path = SceneDelegate.swift; sourceTree = "<group>"; };
		A58840C22816E1A000CE5D82 /* ViewController.swift */ = {isa = PBXFileReference; lastKnownFileType = sourcecode.swift; path = ViewController.swift; sourceTree = "<group>"; };
		A58840C52816E1A000CE5D82 /* Base */ = {isa = PBXFileReference; lastKnownFileType = file.storyboard; name = Base; path = Base.lproj/Main.storyboard; sourceTree = "<group>"; };
		A58840C72816E1A000CE5D82 /* Assets.xcassets */ = {isa = PBXFileReference; lastKnownFileType = folder.assetcatalog; path = Assets.xcassets; sourceTree = "<group>"; };
		A58840CA2816E1A000CE5D82 /* Base */ = {isa = PBXFileReference; lastKnownFileType = file.storyboard; name = Base; path = Base.lproj/LaunchScreen.storyboard; sourceTree = "<group>"; };
		A58840CC2816E1A000CE5D82 /* Info.plist */ = {isa = PBXFileReference; lastKnownFileType = text.plist.xml; path = Info.plist; sourceTree = "<group>"; };
		A58840D12816E1A000CE5D82 /* CustomSwitchTests.xctest */ = {isa = PBXFileReference; explicitFileType = wrapper.cfbundle; includeInIndex = 0; path = CustomSwitchTests.xctest; sourceTree = BUILT_PRODUCTS_DIR; };
		A58840D52816E1A000CE5D82 /* CustomSwitchTests.swift */ = {isa = PBXFileReference; lastKnownFileType = sourcecode.swift; path = CustomSwitchTests.swift; sourceTree = "<group>"; };
		A58840DB2816E1A000CE5D82 /* CustomSwitchUITests.xctest */ = {isa = PBXFileReference; explicitFileType = wrapper.cfbundle; includeInIndex = 0; path = CustomSwitchUITests.xctest; sourceTree = BUILT_PRODUCTS_DIR; };
		A58840DF2816E1A000CE5D82 /* CustomSwitchUITests.swift */ = {isa = PBXFileReference; lastKnownFileType = sourcecode.swift; path = CustomSwitchUITests.swift; sourceTree = "<group>"; };
		A58840E12816E1A000CE5D82 /* CustomSwitchUITestsLaunchTests.swift */ = {isa = PBXFileReference; lastKnownFileType = sourcecode.swift; path = CustomSwitchUITestsLaunchTests.swift; sourceTree = "<group>"; };
/* End PBXFileReference section */

/* Begin PBXFrameworksBuildPhase section */
		A58840B82816E1A000CE5D82 /* Frameworks */ = {
			isa = PBXFrameworksBuildPhase;
			buildActionMask = 2147483647;
			files = (
			);
			runOnlyForDeploymentPostprocessing = 0;
		};
		A58840CE2816E1A000CE5D82 /* Frameworks */ = {
			isa = PBXFrameworksBuildPhase;
			buildActionMask = 2147483647;
			files = (
			);
			runOnlyForDeploymentPostprocessing = 0;
		};
		A58840D82816E1A000CE5D82 /* Frameworks */ = {
			isa = PBXFrameworksBuildPhase;
			buildActionMask = 2147483647;
			files = (
			);
			runOnlyForDeploymentPostprocessing = 0;
		};
/* End PBXFrameworksBuildPhase section */

/* Begin PBXGroup section */
		A58840B22816E1A000CE5D82 = {
			isa = PBXGroup;
			children = (
				A58840BD2816E1A000CE5D82 /* CustomSwitch */,
				A58840D42816E1A000CE5D82 /* CustomSwitchTests */,
				A58840DE2816E1A000CE5D82 /* CustomSwitchUITests */,
				A58840BC2816E1A000CE5D82 /* Products */,
			);
			sourceTree = "<group>";
		};
		A58840BC2816E1A000CE5D82 /* Products */ = {
			isa = PBXGroup;
			children = (
				A58840BB2816E1A000CE5D82 /* CustomSwitch.app */,
				A58840D12816E1A000CE5D82 /* CustomSwitchTests.xctest */,
				A58840DB2816E1A000CE5D82 /* CustomSwitchUITests.xctest */,
			);
			name = Products;
			sourceTree = "<group>";
		};
		A58840BD2816E1A000CE5D82 /* CustomSwitch */ = {
			isa = PBXGroup;
			children = (
				A58840BE2816E1A000CE5D82 /* AppDelegate.swift */,
				A58840C02816E1A000CE5D82 /* SceneDelegate.swift */,
				A58840C22816E1A000CE5D82 /* ViewController.swift */,
				A58840C42816E1A000CE5D82 /* Main.storyboard */,
				A58840C72816E1A000CE5D82 /* Assets.xcassets */,
				A58840C92816E1A000CE5D82 /* LaunchScreen.storyboard */,
				A58840CC2816E1A000CE5D82 /* Info.plist */,
			);
			path = CustomSwitch;
			sourceTree = "<group>";
		};
		A58840D42816E1A000CE5D82 /* CustomSwitchTests */ = {
			isa = PBXGroup;
			children = (
				A58840D52816E1A000CE5D82 /* CustomSwitchTests.swift */,
			);
			path = CustomSwitchTests;
			sourceTree = "<group>";
		};
		A58840DE2816E1A000CE5D82 /* CustomSwitchUITests */ = {
			isa = PBXGroup;
			children = (
				A58840DF2816E1A000CE5D82 /* CustomSwitchUITests.swift */,
				A58840E12816E1A000CE5D82 /* CustomSwitchUITestsLaunchTests.swift */,
			);
			path = CustomSwitchUITests;
			sourceTree = "<group>";
		};
/* End PBXGroup section */

/* Begin PBXNativeTarget section */
		A58840BA2816E1A000CE5D82 /* CustomSwitch */ = {
			isa = PBXNativeTarget;
			buildConfigurationList = A58840E52816E1A000CE5D82 /* Build configuration list for PBXNativeTarget "CustomSwitch" */;
			buildPhases = (
				A58840B72816E1A000CE5D82 /* Sources */,
				A58840B82816E1A000CE5D82 /* Frameworks */,
				A58840B92816E1A000CE5D82 /* Resources */,
			);
			buildRules = (
			);
			dependencies = (
			);
			name = CustomSwitch;
			productName = CustomSwitch;
			productReference = A58840BB2816E1A000CE5D82 /* CustomSwitch.app */;
			productType = "com.apple.product-type.application";
		};
		A58840D02816E1A000CE5D82 /* CustomSwitchTests */ = {
			isa = PBXNativeTarget;
			buildConfigurationList = A58840E82816E1A000CE5D82 /* Build configuration list for PBXNativeTarget "CustomSwitchTests" */;
			buildPhases = (
				A58840CD2816E1A000CE5D82 /* Sources */,
				A58840CE2816E1A000CE5D82 /* Frameworks */,
				A58840CF2816E1A000CE5D82 /* Resources */,
			);
			buildRules = (
			);
			dependencies = (
				A58840D32816E1A000CE5D82 /* PBXTargetDependency */,
			);
			name = CustomSwitchTests;
			productName = CustomSwitchTests;
			productReference = A58840D12816E1A000CE5D82 /* CustomSwitchTests.xctest */;
			productType = "com.apple.product-type.bundle.unit-test";
		};
		A58840DA2816E1A000CE5D82 /* CustomSwitchUITests */ = {
			isa = PBXNativeTarget;
			buildConfigurationList = A58840EB2816E1A000CE5D82 /* Build configuration list for PBXNativeTarget "CustomSwitchUITests" */;
			buildPhases = (
				A58840D72816E1A000CE5D82 /* Sources */,
				A58840D82816E1A000CE5D82 /* Frameworks */,
				A58840D92816E1A000CE5D82 /* Resources */,
			);
			buildRules = (
			);
			dependencies = (
				A58840DD2816E1A000CE5D82 /* PBXTargetDependency */,
			);
			name = CustomSwitchUITests;
			productName = CustomSwitchUITests;
			productReference = A58840DB2816E1A000CE5D82 /* CustomSwitchUITests.xctest */;
			productType = "com.apple.product-type.bundle.ui-testing";
		};
/* End PBXNativeTarget section */

/* Begin PBXProject section */
		A58840B32816E1A000CE5D82 /* Project object */ = {
			isa = PBXProject;
			attributes = {
				BuildIndependentTargetsInParallel = 1;
				LastSwiftUpdateCheck = 1330;
				LastUpgradeCheck = 1330;
				TargetAttributes = {
					A58840BA2816E1A000CE5D82 = {
						CreatedOnToolsVersion = 13.3.1;
					};
					A58840D02816E1A000CE5D82 = {
						CreatedOnToolsVersion = 13.3.1;
						TestTargetID = A58840BA2816E1A000CE5D82;
					};
					A58840DA2816E1A000CE5D82 = {
						CreatedOnToolsVersion = 13.3.1;
						TestTargetID = A58840BA2816E1A000CE5D82;
					};
				};
			};
			buildConfigurationList = A58840B62816E1A000CE5D82 /* Build configuration list for PBXProject "CustomSwitch" */;
			compatibilityVersion = "Xcode 13.0";
			developmentRegion = en;
			hasScannedForEncodings = 0;
			knownRegions = (
				en,
				Base,
			);
			mainGroup = A58840B22816E1A000CE5D82;
			productRefGroup = A58840BC2816E1A000CE5D82 /* Products */;
			projectDirPath = "";
			projectRoot = "";
			targets = (
				A58840BA2816E1A000CE5D82 /* CustomSwitch */,
				A58840D02816E1A000CE5D82 /* CustomSwitchTests */,
				A58840DA2816E1A000CE5D82 /* CustomSwitchUITests */,
			);
		};
/* End PBXProject section */

/* Begin PBXResourcesBuildPhase section */
		A58840B92816E1A000CE5D82 /* Resources */ = {
			isa = PBXResourcesBuildPhase;
			buildActionMask = 2147483647;
			files = (
				A58840CB2816E1A000CE5D82 /* LaunchScreen.storyboard in Resources */,
				A58840C82816E1A000CE5D82 /* Assets.xcassets in Resources */,
				A58840C62816E1A000CE5D82 /* Main.storyboard in Resources */,
			);
			runOnlyForDeploymentPostprocessing = 0;
		};
		A58840CF2816E1A000CE5D82 /* Resources */ = {
			isa = PBXResourcesBuildPhase;
			buildActionMask = 2147483647;
			files = (
			);
			runOnlyForDeploymentPostprocessing = 0;
		};
		A58840D92816E1A000CE5D82 /* Resources */ = {
			isa = PBXResourcesBuildPhase;
			buildActionMask = 2147483647;
			files = (
			);
			runOnlyForDeploymentPostprocessing = 0;
		};
/* End PBXResourcesBuildPhase section */

/* Begin PBXSourcesBuildPhase section */
		A58840B72816E1A000CE5D82 /* Sources */ = {
			isa = PBXSourcesBuildPhase;
			buildActionMask = 2147483647;
			files = (
				A58840C32816E1A000CE5D82 /* ViewController.swift in Sources */,
				A58840BF2816E1A000CE5D82 /* AppDelegate.swift in Sources */,
				A58840C12816E1A000CE5D82 /* SceneDelegate.swift in Sources */,
			);
			runOnlyForDeploymentPostprocessing = 0;
		};
		A58840CD2816E1A000CE5D82 /* Sources */ = {
			isa = PBXSourcesBuildPhase;
			buildActionMask = 2147483647;
			files = (
				A58840D62816E1A000CE5D82 /* CustomSwitchTests.swift in Sources */,
			);
			runOnlyForDeploymentPostprocessing = 0;
		};
		A58840D72816E1A000CE5D82 /* Sources */ = {
			isa = PBXSourcesBuildPhase;
			buildActionMask = 2147483647;
			files = (
				A58840E02816E1A000CE5D82 /* CustomSwitchUITests.swift in Sources */,
				A58840E22816E1A000CE5D82 /* CustomSwitchUITestsLaunchTests.swift in Sources */,
			);
			runOnlyForDeploymentPostprocessing = 0;
		};
/* End PBXSourcesBuildPhase section */

/* Begin PBXTargetDependency section */
		A58840D32816E1A000CE5D82 /* PBXTargetDependency */ = {
			isa = PBXTargetDependency;
			target = A58840BA2816E1A000CE5D82 /* CustomSwitch */;
			targetProxy = A58840D22816E1A000CE5D82 /* PBXContainerItemProxy */;
		};
		A58840DD2816E1A000CE5D82 /* PBXTargetDependency */ = {
			isa = PBXTargetDependency;
			target = A58840BA2816E1A000CE5D82 /* CustomSwitch */;
			targetProxy = A58840DC2816E1A000CE5D82 /* PBXContainerItemProxy */;
		};
/* End PBXTargetDependency section */

/* Begin PBXVariantGroup section */
		A58840C42816E1A000CE5D82 /* Main.storyboard */ = {
			isa = PBXVariantGroup;
			children = (
				A58840C52816E1A000CE5D82 /* Base */,
			);
			name = Main.storyboard;
			sourceTree = "<group>";
		};
		A58840C92816E1A000CE5D82 /* LaunchScreen.storyboard */ = {
			isa = PBXVariantGroup;
			children = (
				A58840CA2816E1A000CE5D82 /* Base */,
			);
			name = LaunchScreen.storyboard;
			sourceTree = "<group>";
		};
/* End PBXVariantGroup section */

/* Begin XCBuildConfiguration section */
		A58840E32816E1A000CE5D82 /* Debug */ = {
			isa = XCBuildConfiguration;
			buildSettings = {
				ALWAYS_SEARCH_USER_PATHS = NO;
				CLANG_ANALYZER_NONNULL = YES;
				CLANG_ANALYZER_NUMBER_OBJECT_CONVERSION = YES_AGGRESSIVE;
				CLANG_CXX_LANGUAGE_STANDARD = "gnu++17";
				CLANG_ENABLE_MODULES = YES;
				CLANG_ENABLE_OBJC_ARC = YES;
				CLANG_ENABLE_OBJC_WEAK = YES;
				CLANG_WARN_BLOCK_CAPTURE_AUTORELEASING = YES;
				CLANG_WARN_BOOL_CONVERSION = YES;
				CLANG_WARN_COMMA = YES;
				CLANG_WARN_CONSTANT_CONVERSION = YES;
				CLANG_WARN_DEPRECATED_OBJC_IMPLEMENTATIONS = YES;
				CLANG_WARN_DIRECT_OBJC_ISA_USAGE = YES_ERROR;
				CLANG_WARN_DOCUMENTATION_COMMENTS = YES;
				CLANG_WARN_EMPTY_BODY = YES;
				CLANG_WARN_ENUM_CONVERSION = YES;
				CLANG_WARN_INFINITE_RECURSION = YES;
				CLANG_WARN_INT_CONVERSION = YES;
				CLANG_WARN_NON_LITERAL_NULL_CONVERSION = YES;
				CLANG_WARN_OBJC_IMPLICIT_RETAIN_SELF = YES;
				CLANG_WARN_OBJC_LITERAL_CONVERSION = YES;
				CLANG_WARN_OBJC_ROOT_CLASS = YES_ERROR;
				CLANG_WARN_QUOTED_INCLUDE_IN_FRAMEWORK_HEADER = YES;
				CLANG_WARN_RANGE_LOOP_ANALYSIS = YES;
				CLANG_WARN_STRICT_PROTOTYPES = YES;
				CLANG_WARN_SUSPICIOUS_MOVE = YES;
				CLANG_WARN_UNGUARDED_AVAILABILITY = YES_AGGRESSIVE;
				CLANG_WARN_UNREACHABLE_CODE = YES;
				CLANG_WARN__DUPLICATE_METHOD_MATCH = YES;
				COPY_PHASE_STRIP = NO;
				DEBUG_INFORMATION_FORMAT = dwarf;
				ENABLE_STRICT_OBJC_MSGSEND = YES;
				ENABLE_TESTABILITY = YES;
				GCC_C_LANGUAGE_STANDARD = gnu11;
				GCC_DYNAMIC_NO_PIC = NO;
				GCC_NO_COMMON_BLOCKS = YES;
				GCC_OPTIMIZATION_LEVEL = 0;
				GCC_PREPROCESSOR_DEFINITIONS = (
					"DEBUG=1",
					"$(inherited)",
				);
				GCC_WARN_64_TO_32_BIT_CONVERSION = YES;
				GCC_WARN_ABOUT_RETURN_TYPE = YES_ERROR;
				GCC_WARN_UNDECLARED_SELECTOR = YES;
				GCC_WARN_UNINITIALIZED_AUTOS = YES_AGGRESSIVE;
				GCC_WARN_UNUSED_FUNCTION = YES;
				GCC_WARN_UNUSED_VARIABLE = YES;
				IPHONEOS_DEPLOYMENT_TARGET = 15.4;
				MTL_ENABLE_DEBUG_INFO = INCLUDE_SOURCE;
				MTL_FAST_MATH = YES;
				ONLY_ACTIVE_ARCH = YES;
				SDKROOT = iphoneos;
				SWIFT_ACTIVE_COMPILATION_CONDITIONS = DEBUG;
				SWIFT_OPTIMIZATION_LEVEL = "-Onone";
			};
			name = Debug;
		};
		A58840E42816E1A000CE5D82 /* Release */ = {
			isa = XCBuildConfiguration;
			buildSettings = {
				ALWAYS_SEARCH_USER_PATHS = NO;
				CLANG_ANALYZER_NONNULL = YES;
				CLANG_ANALYZER_NUMBER_OBJECT_CONVERSION = YES_AGGRESSIVE;
				CLANG_CXX_LANGUAGE_STANDARD = "gnu++17";
				CLANG_ENABLE_MODULES = YES;
				CLANG_ENABLE_OBJC_ARC = YES;
				CLANG_ENABLE_OBJC_WEAK = YES;
				CLANG_WARN_BLOCK_CAPTURE_AUTORELEASING = YES;
				CLANG_WARN_BOOL_CONVERSION = YES;
				CLANG_WARN_COMMA = YES;
				CLANG_WARN_CONSTANT_CONVERSION = YES;
				CLANG_WARN_DEPRECATED_OBJC_IMPLEMENTATIONS = YES;
				CLANG_WARN_DIRECT_OBJC_ISA_USAGE = YES_ERROR;
				CLANG_WARN_DOCUMENTATION_COMMENTS = YES;
				CLANG_WARN_EMPTY_BODY = YES;
				CLANG_WARN_ENUM_CONVERSION = YES;
				CLANG_WARN_INFINITE_RECURSION = YES;
				CLANG_WARN_INT_CONVERSION = YES;
				CLANG_WARN_NON_LITERAL_NULL_CONVERSION = YES;
				CLANG_WARN_OBJC_IMPLICIT_RETAIN_SELF = YES;
				CLANG_WARN_OBJC_LITERAL_CONVERSION = YES;
				CLANG_WARN_OBJC_ROOT_CLASS = YES_ERROR;
				CLANG_WARN_QUOTED_INCLUDE_IN_FRAMEWORK_HEADER = YES;
				CLANG_WARN_RANGE_LOOP_ANALYSIS = YES;
				CLANG_WARN_STRICT_PROTOTYPES = YES;
				CLANG_WARN_SUSPICIOUS_MOVE = YES;
				CLANG_WARN_UNGUARDED_AVAILABILITY = YES_AGGRESSIVE;
				CLANG_WARN_UNREACHABLE_CODE = YES;
				CLANG_WARN__DUPLICATE_METHOD_MATCH = YES;
				COPY_PHASE_STRIP = NO;
				DEBUG_INFORMATION_FORMAT = "dwarf-with-dsym";
				ENABLE_NS_ASSERTIONS = NO;
				ENABLE_STRICT_OBJC_MSGSEND = YES;
				GCC_C_LANGUAGE_STANDARD = gnu11;
				GCC_NO_COMMON_BLOCKS = YES;
				GCC_WARN_64_TO_32_BIT_CONVERSION = YES;
				GCC_WARN_ABOUT_RETURN_TYPE = YES_ERROR;
				GCC_WARN_UNDECLARED_SELECTOR = YES;
				GCC_WARN_UNINITIALIZED_AUTOS = YES_AGGRESSIVE;
				GCC_WARN_UNUSED_FUNCTION = YES;
				GCC_WARN_UNUSED_VARIABLE = YES;
				IPHONEOS_DEPLOYMENT_TARGET = 15.4;
				MTL_ENABLE_DEBUG_INFO = NO;
				MTL_FAST_MATH = YES;
				SDKROOT = iphoneos;
				SWIFT_COMPILATION_MODE = wholemodule;
				SWIFT_OPTIMIZATION_LEVEL = "-O";
				VALIDATE_PRODUCT = YES;
			};
			name = Release;
		};
		A58840E62816E1A000CE5D82 /* Debug */ = {
			isa = XCBuildConfiguration;
			buildSettings = {
				ASSETCATALOG_COMPILER_APPICON_NAME = AppIcon;
				ASSETCATALOG_COMPILER_GLOBAL_ACCENT_COLOR_NAME = AccentColor;
				CODE_SIGN_STYLE = Automatic;
				CURRENT_PROJECT_VERSION = 1;
				DEVELOPMENT_TEAM = 82Q3S9Q2PL;
				GENERATE_INFOPLIST_FILE = YES;
				INFOPLIST_FILE = CustomSwitch/Info.plist;
				INFOPLIST_KEY_UIApplicationSupportsIndirectInputEvents = YES;
				INFOPLIST_KEY_UILaunchStoryboardName = LaunchScreen;
				INFOPLIST_KEY_UIMainStoryboardFile = Main;
				INFOPLIST_KEY_UISupportedInterfaceOrientations_iPad = "UIInterfaceOrientationPortrait UIInterfaceOrientationPortraitUpsideDown UIInterfaceOrientationLandscapeLeft UIInterfaceOrientationLandscapeRight";
				INFOPLIST_KEY_UISupportedInterfaceOrientations_iPhone = "UIInterfaceOrientationPortrait UIInterfaceOrientationLandscapeLeft UIInterfaceOrientationLandscapeRight";
				IPHONEOS_DEPLOYMENT_TARGET = 14.0;
				LD_RUNPATH_SEARCH_PATHS = (
					"$(inherited)",
					"@executable_path/Frameworks",
				);
				MARKETING_VERSION = 1.0;
				PRODUCT_BUNDLE_IDENTIFIER = hynam.CustomSwitch;
				PRODUCT_NAME = "$(TARGET_NAME)";
				SWIFT_EMIT_LOC_STRINGS = YES;
				SWIFT_VERSION = 5.0;
				TARGETED_DEVICE_FAMILY = "1,2";
			};
			name = Debug;
		};
		A58840E72816E1A000CE5D82 /* Release */ = {
			isa = XCBuildConfiguration;
			buildSettings = {
				ASSETCATALOG_COMPILER_APPICON_NAME = AppIcon;
				ASSETCATALOG_COMPILER_GLOBAL_ACCENT_COLOR_NAME = AccentColor;
				CODE_SIGN_STYLE = Automatic;
				CURRENT_PROJECT_VERSION = 1;
				DEVELOPMENT_TEAM = 82Q3S9Q2PL;
				GENERATE_INFOPLIST_FILE = YES;
				INFOPLIST_FILE = CustomSwitch/Info.plist;
				INFOPLIST_KEY_UIApplicationSupportsIndirectInputEvents = YES;
				INFOPLIST_KEY_UILaunchStoryboardName = LaunchScreen;
				INFOPLIST_KEY_UIMainStoryboardFile = Main;
				INFOPLIST_KEY_UISupportedInterfaceOrientations_iPad = "UIInterfaceOrientationPortrait UIInterfaceOrientationPortraitUpsideDown UIInterfaceOrientationLandscapeLeft UIInterfaceOrientationLandscapeRight";
				INFOPLIST_KEY_UISupportedInterfaceOrientations_iPhone = "UIInterfaceOrientationPortrait UIInterfaceOrientationLandscapeLeft UIInterfaceOrientationLandscapeRight";
				IPHONEOS_DEPLOYMENT_TARGET = 14.0;
				LD_RUNPATH_SEARCH_PATHS = (
					"$(inherited)",
					"@executable_path/Frameworks",
				);
				MARKETING_VERSION = 1.0;
				PRODUCT_BUNDLE_IDENTIFIER = hynam.CustomSwitch;
				PRODUCT_NAME = "$(TARGET_NAME)";
				SWIFT_EMIT_LOC_STRINGS = YES;
				SWIFT_VERSION = 5.0;
				TARGETED_DEVICE_FAMILY = "1,2";
			};
			name = Release;
		};
		A58840E92816E1A000CE5D82 /* Debug */ = {
			isa = XCBuildConfiguration;
			buildSettings = {
				ALWAYS_EMBED_SWIFT_STANDARD_LIBRARIES = YES;
				BUNDLE_LOADER = "$(TEST_HOST)";
				CODE_SIGN_STYLE = Automatic;
				CURRENT_PROJECT_VERSION = 1;
				DEVELOPMENT_TEAM = 82Q3S9Q2PL;
				GENERATE_INFOPLIST_FILE = YES;
				IPHONEOS_DEPLOYMENT_TARGET = 15.4;
				MARKETING_VERSION = 1.0;
				PRODUCT_BUNDLE_IDENTIFIER = hynam.CustomSwitchTests;
				PRODUCT_NAME = "$(TARGET_NAME)";
				SWIFT_EMIT_LOC_STRINGS = NO;
				SWIFT_VERSION = 5.0;
				TARGETED_DEVICE_FAMILY = "1,2";
				TEST_HOST = "$(BUILT_PRODUCTS_DIR)/CustomSwitch.app/CustomSwitch";
			};
			name = Debug;
		};
		A58840EA2816E1A000CE5D82 /* Release */ = {
			isa = XCBuildConfiguration;
			buildSettings = {
				ALWAYS_EMBED_SWIFT_STANDARD_LIBRARIES = YES;
				BUNDLE_LOADER = "$(TEST_HOST)";
				CODE_SIGN_STYLE = Automatic;
				CURRENT_PROJECT_VERSION = 1;
				DEVELOPMENT_TEAM = 82Q3S9Q2PL;
				GENERATE_INFOPLIST_FILE = YES;
				IPHONEOS_DEPLOYMENT_TARGET = 15.4;
				MARKETING_VERSION = 1.0;
				PRODUCT_BUNDLE_IDENTIFIER = hynam.CustomSwitchTests;
				PRODUCT_NAME = "$(TARGET_NAME)";
				SWIFT_EMIT_LOC_STRINGS = NO;
				SWIFT_VERSION = 5.0;
				TARGETED_DEVICE_FAMILY = "1,2";
				TEST_HOST = "$(BUILT_PRODUCTS_DIR)/CustomSwitch.app/CustomSwitch";
			};
			name = Release;
		};
		A58840EC2816E1A000CE5D82 /* Debug */ = {
			isa = XCBuildConfiguration;
			buildSettings = {
				ALWAYS_EMBED_SWIFT_STANDARD_LIBRARIES = YES;
				CODE_SIGN_STYLE = Automatic;
				CURRENT_PROJECT_VERSION = 1;
				DEVELOPMENT_TEAM = 82Q3S9Q2PL;
				GENERATE_INFOPLIST_FILE = YES;
				MARKETING_VERSION = 1.0;
				PRODUCT_BUNDLE_IDENTIFIER = hynam.CustomSwitchUITests;
				PRODUCT_NAME = "$(TARGET_NAME)";
				SWIFT_EMIT_LOC_STRINGS = NO;
				SWIFT_VERSION = 5.0;
				TARGETED_DEVICE_FAMILY = "1,2";
				TEST_TARGET_NAME = CustomSwitch;
			};
			name = Debug;
		};
		A58840ED2816E1A000CE5D82 /* Release */ = {
			isa = XCBuildConfiguration;
			buildSettings = {
				ALWAYS_EMBED_SWIFT_STANDARD_LIBRARIES = YES;
				CODE_SIGN_STYLE = Automatic;
				CURRENT_PROJECT_VERSION = 1;
				DEVELOPMENT_TEAM = 82Q3S9Q2PL;
				GENERATE_INFOPLIST_FILE = YES;
				MARKETING_VERSION = 1.0;
				PRODUCT_BUNDLE_IDENTIFIER = hynam.CustomSwitchUITests;
				PRODUCT_NAME = "$(TARGET_NAME)";
				SWIFT_EMIT_LOC_STRINGS = NO;
				SWIFT_VERSION = 5.0;
				TARGETED_DEVICE_FAMILY = "1,2";
				TEST_TARGET_NAME = CustomSwitch;
			};
			name = Release;
		};
/* End XCBuildConfiguration section */

/* Begin XCConfigurationList section */
		A58840B62816E1A000CE5D82 /* Build configuration list for PBXProject "CustomSwitch" */ = {
			isa = XCConfigurationList;
			buildConfigurations = (
				A58840E32816E1A000CE5D82 /* Debug */,
				A58840E42816E1A000CE5D82 /* Release */,
			);
			defaultConfigurationIsVisible = 0;
			defaultConfigurationName = Release;
		};
		A58840E52816E1A000CE5D82 /* Build configuration list for PBXNativeTarget "CustomSwitch" */ = {
			isa = XCConfigurationList;
			buildConfigurations = (
				A58840E62816E1A000CE5D82 /* Debug */,
				A58840E72816E1A000CE5D82 /* Release */,
			);
			defaultConfigurationIsVisible = 0;
			defaultConfigurationName = Release;
		};
		A58840E82816E1A000CE5D82 /* Build configuration list for PBXNativeTarget "CustomSwitchTests" */ = {
			isa = XCConfigurationList;
			buildConfigurations = (
				A58840E92816E1A000CE5D82 /* Debug */,
				A58840EA2816E1A000CE5D82 /* Release */,
			);
			defaultConfigurationIsVisible = 0;
			defaultConfigurationName = Release;
		};
		A58840EB2816E1A000CE5D82 /* Build configuration list for PBXNativeTarget "CustomSwitchUITests" */ = {
			isa = XCConfigurationList;
			buildConfigurations = (
				A58840EC2816E1A000CE5D82 /* Debug */,
				A58840ED2816E1A000CE5D82 /* Release */,
			);
			defaultConfigurationIsVisible = 0;
			defaultConfigurationName = Release;
		};
/* End XCConfigurationList section */
	};
	rootObject = A58840B32816E1A000CE5D82 /* Project object */;
}
