// !$*UTF8*$!
{
	archiveVersion = 1;
	classes = {
	};
	objectVersion = 55;
	objects = {

/* Begin PBXBuildFile section */
		A58841F72817E53E00CE5D82 /* AppDelegate.swift in Sources */ = {isa = PBXBuildFile; fileRef = A58841F62817E53E00CE5D82 /* AppDelegate.swift */; };
		A58841F92817E53E00CE5D82 /* SceneDelegate.swift in Sources */ = {isa = PBXBuildFile; fileRef = A58841F82817E53E00CE5D82 /* SceneDelegate.swift */; };
		A58841FB2817E53E00CE5D82 /* ViewController.swift in Sources */ = {isa = PBXBuildFile; fileRef = A58841FA2817E53E00CE5D82 /* ViewController.swift */; };
		A58841FE2817E53E00CE5D82 /* Main.storyboard in Resources */ = {isa = PBXBuildFile; fileRef = A58841FC2817E53E00CE5D82 /* Main.storyboard */; };
		A58842002817E53E00CE5D82 /* Assets.xcassets in Resources */ = {isa = PBXBuildFile; fileRef = A58841FF2817E53E00CE5D82 /* Assets.xcassets */; };
		A58842032817E53E00CE5D82 /* LaunchScreen.storyboard in Resources */ = {isa = PBXBuildFile; fileRef = A58842012817E53E00CE5D82 /* LaunchScreen.storyboard */; };
		A588420E2817E53F00CE5D82 /* Chat_AppTests.swift in Sources */ = {isa = PBXBuildFile; fileRef = A588420D2817E53F00CE5D82 /* Chat_AppTests.swift */; };
		A58842182817E53F00CE5D82 /* Chat_AppUITests.swift in Sources */ = {isa = PBXBuildFile; fileRef = A58842172817E53F00CE5D82 /* Chat_AppUITests.swift */; };
		A588421A2817E53F00CE5D82 /* Chat_AppUITestsLaunchTests.swift in Sources */ = {isa = PBXBuildFile; fileRef = A58842192817E53F00CE5D82 /* Chat_AppUITestsLaunchTests.swift */; };
		A58842282817E6AF00CE5D82 /* MyCell.swift in Sources */ = {isa = PBXBuildFile; fileRef = A58842262817E6AF00CE5D82 /* MyCell.swift */; };
		A58842292817E6AF00CE5D82 /* MyCell.xib in Resources */ = {isa = PBXBuildFile; fileRef = A58842272817E6AF00CE5D82 /* MyCell.xib */; };
		A588422C2817E71900CE5D82 /* meBubble@2x.png in Resources */ = {isa = PBXBuildFile; fileRef = A588422A2817E71900CE5D82 /* meBubble@2x.png */; };
		A58842302817EB7C00CE5D82 /* YourCell.swift in Sources */ = {isa = PBXBuildFile; fileRef = A588422E2817EB7C00CE5D82 /* YourCell.swift */; };
		A58842312817EB7C00CE5D82 /* YourCell.xib in Resources */ = {isa = PBXBuildFile; fileRef = A588422F2817EB7C00CE5D82 /* YourCell.xib */; };
		A58842352818D73E00CE5D82 /* yourBubble@2x.png in Resources */ = {isa = PBXBuildFile; fileRef = A58842342818D73E00CE5D82 /* yourBubble@2x.png */; };
/* End PBXBuildFile section */

/* Begin PBXContainerItemProxy section */
		A588420A2817E53F00CE5D82 /* PBXContainerItemProxy */ = {
			isa = PBXContainerItemProxy;
			containerPortal = A58841EB2817E53E00CE5D82 /* Project object */;
			proxyType = 1;
			remoteGlobalIDString = A58841F22817E53E00CE5D82;
			remoteInfo = Chat_App;
		};
		A58842142817E53F00CE5D82 /* PBXContainerItemProxy */ = {
			isa = PBXContainerItemProxy;
			containerPortal = A58841EB2817E53E00CE5D82 /* Project object */;
			proxyType = 1;
			remoteGlobalIDString = A58841F22817E53E00CE5D82;
			remoteInfo = Chat_App;
		};
/* End PBXContainerItemProxy section */

/* Begin PBXFileReference section */
		A58841F32817E53E00CE5D82 /* Chat_App.app */ = {isa = PBXFileReference; explicitFileType = wrapper.application; includeInIndex = 0; path = Chat_App.app; sourceTree = BUILT_PRODUCTS_DIR; };
		A58841F62817E53E00CE5D82 /* AppDelegate.swift */ = {isa = PBXFileReference; lastKnownFileType = sourcecode.swift; path = AppDelegate.swift; sourceTree = "<group>"; };
		A58841F82817E53E00CE5D82 /* SceneDelegate.swift */ = {isa = PBXFileReference; lastKnownFileType = sourcecode.swift; path = SceneDelegate.swift; sourceTree = "<group>"; };
		A58841FA2817E53E00CE5D82 /* ViewController.swift */ = {isa = PBXFileReference; lastKnownFileType = sourcecode.swift; path = ViewController.swift; sourceTree = "<group>"; };
		A58841FD2817E53E00CE5D82 /* Base */ = {isa = PBXFileReference; lastKnownFileType = file.storyboard; name = Base; path = Base.lproj/Main.storyboard; sourceTree = "<group>"; };
		A58841FF2817E53E00CE5D82 /* Assets.xcassets */ = {isa = PBXFileReference; lastKnownFileType = folder.assetcatalog; path = Assets.xcassets; sourceTree = "<group>"; };
		A58842022817E53E00CE5D82 /* Base */ = {isa = PBXFileReference; lastKnownFileType = file.storyboard; name = Base; path = Base.lproj/LaunchScreen.storyboard; sourceTree = "<group>"; };
		A58842042817E53E00CE5D82 /* Info.plist */ = {isa = PBXFileReference; lastKnownFileType = text.plist.xml; path = Info.plist; sourceTree = "<group>"; };
		A58842092817E53F00CE5D82 /* Chat_AppTests.xctest */ = {isa = PBXFileReference; explicitFileType = wrapper.cfbundle; includeInIndex = 0; path = Chat_AppTests.xctest; sourceTree = BUILT_PRODUCTS_DIR; };
		A588420D2817E53F00CE5D82 /* Chat_AppTests.swift */ = {isa = PBXFileReference; lastKnownFileType = sourcecode.swift; path = Chat_AppTests.swift; sourceTree = "<group>"; };
		A58842132817E53F00CE5D82 /* Chat_AppUITests.xctest */ = {isa = PBXFileReference; explicitFileType = wrapper.cfbundle; includeInIndex = 0; path = Chat_AppUITests.xctest; sourceTree = BUILT_PRODUCTS_DIR; };
		A58842172817E53F00CE5D82 /* Chat_AppUITests.swift */ = {isa = PBXFileReference; lastKnownFileType = sourcecode.swift; path = Chat_AppUITests.swift; sourceTree = "<group>"; };
		A58842192817E53F00CE5D82 /* Chat_AppUITestsLaunchTests.swift */ = {isa = PBXFileReference; lastKnownFileType = sourcecode.swift; path = Chat_AppUITestsLaunchTests.swift; sourceTree = "<group>"; };
		A58842262817E6AF00CE5D82 /* MyCell.swift */ = {isa = PBXFileReference; lastKnownFileType = sourcecode.swift; path = MyCell.swift; sourceTree = "<group>"; };
		A58842272817E6AF00CE5D82 /* MyCell.xib */ = {isa = PBXFileReference; lastKnownFileType = file.xib; path = MyCell.xib; sourceTree = "<group>"; };
		A588422A2817E71900CE5D82 /* meBubble@2x.png */ = {isa = PBXFileReference; lastKnownFileType = image.png; path = "meBubble@2x.png"; sourceTree = "<group>"; };
		A588422E2817EB7C00CE5D82 /* YourCell.swift */ = {isa = PBXFileReference; lastKnownFileType = sourcecode.swift; path = YourCell.swift; sourceTree = "<group>"; };
		A588422F2817EB7C00CE5D82 /* YourCell.xib */ = {isa = PBXFileReference; lastKnownFileType = file.xib; path = YourCell.xib; sourceTree = "<group>"; };
		A58842342818D73E00CE5D82 /* yourBubble@2x.png */ = {isa = PBXFileReference; lastKnownFileType = image.png; path = "yourBubble@2x.png"; sourceTree = "<group>"; };
/* End PBXFileReference section */

/* Begin PBXFrameworksBuildPhase section */
		A58841F02817E53E00CE5D82 /* Frameworks */ = {
			isa = PBXFrameworksBuildPhase;
			buildActionMask = 2147483647;
			files = (
			);
			runOnlyForDeploymentPostprocessing = 0;
		};
		A58842062817E53F00CE5D82 /* Frameworks */ = {
			isa = PBXFrameworksBuildPhase;
			buildActionMask = 2147483647;
			files = (
			);
			runOnlyForDeploymentPostprocessing = 0;
		};
		A58842102817E53F00CE5D82 /* Frameworks */ = {
			isa = PBXFrameworksBuildPhase;
			buildActionMask = 2147483647;
			files = (
			);
			runOnlyForDeploymentPostprocessing = 0;
		};
/* End PBXFrameworksBuildPhase section */

/* Begin PBXGroup section */
		A58841EA2817E53E00CE5D82 = {
			isa = PBXGroup;
			children = (
				A58841F52817E53E00CE5D82 /* Chat_App */,
				A588420C2817E53F00CE5D82 /* Chat_AppTests */,
				A58842162817E53F00CE5D82 /* Chat_AppUITests */,
				A58841F42817E53E00CE5D82 /* Products */,
			);
			sourceTree = "<group>";
		};
		A58841F42817E53E00CE5D82 /* Products */ = {
			isa = PBXGroup;
			children = (
				A58841F32817E53E00CE5D82 /* Chat_App.app */,
				A58842092817E53F00CE5D82 /* Chat_AppTests.xctest */,
				A58842132817E53F00CE5D82 /* Chat_AppUITests.xctest */,
			);
			name = Products;
			sourceTree = "<group>";
		};
		A58841F52817E53E00CE5D82 /* Chat_App */ = {
			isa = PBXGroup;
			children = (
				A588422A2817E71900CE5D82 /* meBubble@2x.png */,
				A58842342818D73E00CE5D82 /* yourBubble@2x.png */,
				A58841F62817E53E00CE5D82 /* AppDelegate.swift */,
				A58841F82817E53E00CE5D82 /* SceneDelegate.swift */,
				A58841FA2817E53E00CE5D82 /* ViewController.swift */,
				A58841FC2817E53E00CE5D82 /* Main.storyboard */,
				A58842262817E6AF00CE5D82 /* MyCell.swift */,
				A588422E2817EB7C00CE5D82 /* YourCell.swift */,
				A588422F2817EB7C00CE5D82 /* YourCell.xib */,
				A58842272817E6AF00CE5D82 /* MyCell.xib */,
				A58841FF2817E53E00CE5D82 /* Assets.xcassets */,
				A58842012817E53E00CE5D82 /* LaunchScreen.storyboard */,
				A58842042817E53E00CE5D82 /* Info.plist */,
			);
			path = Chat_App;
			sourceTree = "<group>";
		};
		A588420C2817E53F00CE5D82 /* Chat_AppTests */ = {
			isa = PBXGroup;
			children = (
				A588420D2817E53F00CE5D82 /* Chat_AppTests.swift */,
			);
			path = Chat_AppTests;
			sourceTree = "<group>";
		};
		A58842162817E53F00CE5D82 /* Chat_AppUITests */ = {
			isa = PBXGroup;
			children = (
				A58842172817E53F00CE5D82 /* Chat_AppUITests.swift */,
				A58842192817E53F00CE5D82 /* Chat_AppUITestsLaunchTests.swift */,
			);
			path = Chat_AppUITests;
			sourceTree = "<group>";
		};
/* End PBXGroup section */

/* Begin PBXNativeTarget section */
		A58841F22817E53E00CE5D82 /* Chat_App */ = {
			isa = PBXNativeTarget;
			buildConfigurationList = A588421D2817E53F00CE5D82 /* Build configuration list for PBXNativeTarget "Chat_App" */;
			buildPhases = (
				A58841EF2817E53E00CE5D82 /* Sources */,
				A58841F02817E53E00CE5D82 /* Frameworks */,
				A58841F12817E53E00CE5D82 /* Resources */,
			);
			buildRules = (
			);
			dependencies = (
			);
			name = Chat_App;
			productName = Chat_App;
			productReference = A58841F32817E53E00CE5D82 /* Chat_App.app */;
			productType = "com.apple.product-type.application";
		};
		A58842082817E53F00CE5D82 /* Chat_AppTests */ = {
			isa = PBXNativeTarget;
			buildConfigurationList = A58842202817E53F00CE5D82 /* Build configuration list for PBXNativeTarget "Chat_AppTests" */;
			buildPhases = (
				A58842052817E53F00CE5D82 /* Sources */,
				A58842062817E53F00CE5D82 /* Frameworks */,
				A58842072817E53F00CE5D82 /* Resources */,
			);
			buildRules = (
			);
			dependencies = (
				A588420B2817E53F00CE5D82 /* PBXTargetDependency */,
			);
			name = Chat_AppTests;
			productName = Chat_AppTests;
			productReference = A58842092817E53F00CE5D82 /* Chat_AppTests.xctest */;
			productType = "com.apple.product-type.bundle.unit-test";
		};
		A58842122817E53F00CE5D82 /* Chat_AppUITests */ = {
			isa = PBXNativeTarget;
			buildConfigurationList = A58842232817E53F00CE5D82 /* Build configuration list for PBXNativeTarget "Chat_AppUITests" */;
			buildPhases = (
				A588420F2817E53F00CE5D82 /* Sources */,
				A58842102817E53F00CE5D82 /* Frameworks */,
				A58842112817E53F00CE5D82 /* Resources */,
			);
			buildRules = (
			);
			dependencies = (
				A58842152817E53F00CE5D82 /* PBXTargetDependency */,
			);
			name = Chat_AppUITests;
			productName = Chat_AppUITests;
			productReference = A58842132817E53F00CE5D82 /* Chat_AppUITests.xctest */;
			productType = "com.apple.product-type.bundle.ui-testing";
		};
/* End PBXNativeTarget section */

/* Begin PBXProject section */
		A58841EB2817E53E00CE5D82 /* Project object */ = {
			isa = PBXProject;
			attributes = {
				BuildIndependentTargetsInParallel = 1;
				LastSwiftUpdateCheck = 1330;
				LastUpgradeCheck = 1330;
				TargetAttributes = {
					A58841F22817E53E00CE5D82 = {
						CreatedOnToolsVersion = 13.3.1;
					};
					A58842082817E53F00CE5D82 = {
						CreatedOnToolsVersion = 13.3.1;
						TestTargetID = A58841F22817E53E00CE5D82;
					};
					A58842122817E53F00CE5D82 = {
						CreatedOnToolsVersion = 13.3.1;
						TestTargetID = A58841F22817E53E00CE5D82;
					};
				};
			};
			buildConfigurationList = A58841EE2817E53E00CE5D82 /* Build configuration list for PBXProject "Chat_App" */;
			compatibilityVersion = "Xcode 13.0";
			developmentRegion = en;
			hasScannedForEncodings = 0;
			knownRegions = (
				en,
				Base,
			);
			mainGroup = A58841EA2817E53E00CE5D82;
			productRefGroup = A58841F42817E53E00CE5D82 /* Products */;
			projectDirPath = "";
			projectRoot = "";
			targets = (
				A58841F22817E53E00CE5D82 /* Chat_App */,
				A58842082817E53F00CE5D82 /* Chat_AppTests */,
				A58842122817E53F00CE5D82 /* Chat_AppUITests */,
			);
		};
/* End PBXProject section */

/* Begin PBXResourcesBuildPhase section */
		A58841F12817E53E00CE5D82 /* Resources */ = {
			isa = PBXResourcesBuildPhase;
			buildActionMask = 2147483647;
			files = (
				A58842032817E53E00CE5D82 /* LaunchScreen.storyboard in Resources */,
				A58842292817E6AF00CE5D82 /* MyCell.xib in Resources */,
				A58842002817E53E00CE5D82 /* Assets.xcassets in Resources */,
				A58842352818D73E00CE5D82 /* yourBubble@2x.png in Resources */,
				A58841FE2817E53E00CE5D82 /* Main.storyboard in Resources */,
				A58842312817EB7C00CE5D82 /* YourCell.xib in Resources */,
				A588422C2817E71900CE5D82 /* meBubble@2x.png in Resources */,
			);
			runOnlyForDeploymentPostprocessing = 0;
		};
		A58842072817E53F00CE5D82 /* Resources */ = {
			isa = PBXResourcesBuildPhase;
			buildActionMask = 2147483647;
			files = (
			);
			runOnlyForDeploymentPostprocessing = 0;
		};
		A58842112817E53F00CE5D82 /* Resources */ = {
			isa = PBXResourcesBuildPhase;
			buildActionMask = 2147483647;
			files = (
			);
			runOnlyForDeploymentPostprocessing = 0;
		};
/* End PBXResourcesBuildPhase section */

/* Begin PBXSourcesBuildPhase section */
		A58841EF2817E53E00CE5D82 /* Sources */ = {
			isa = PBXSourcesBuildPhase;
			buildActionMask = 2147483647;
			files = (
				A58842302817EB7C00CE5D82 /* YourCell.swift in Sources */,
				A58841FB2817E53E00CE5D82 /* ViewController.swift in Sources */,
				A58842282817E6AF00CE5D82 /* MyCell.swift in Sources */,
				A58841F72817E53E00CE5D82 /* AppDelegate.swift in Sources */,
				A58841F92817E53E00CE5D82 /* SceneDelegate.swift in Sources */,
			);
			runOnlyForDeploymentPostprocessing = 0;
		};
		A58842052817E53F00CE5D82 /* Sources */ = {
			isa = PBXSourcesBuildPhase;
			buildActionMask = 2147483647;
			files = (
				A588420E2817E53F00CE5D82 /* Chat_AppTests.swift in Sources */,
			);
			runOnlyForDeploymentPostprocessing = 0;
		};
		A588420F2817E53F00CE5D82 /* Sources */ = {
			isa = PBXSourcesBuildPhase;
			buildActionMask = 2147483647;
			files = (
				A588421A2817E53F00CE5D82 /* Chat_AppUITestsLaunchTests.swift in Sources */,
				A58842182817E53F00CE5D82 /* Chat_AppUITests.swift in Sources */,
			);
			runOnlyForDeploymentPostprocessing = 0;
		};
/* End PBXSourcesBuildPhase section */

/* Begin PBXTargetDependency section */
		A588420B2817E53F00CE5D82 /* PBXTargetDependency */ = {
			isa = PBXTargetDependency;
			target = A58841F22817E53E00CE5D82 /* Chat_App */;
			targetProxy = A588420A2817E53F00CE5D82 /* PBXContainerItemProxy */;
		};
		A58842152817E53F00CE5D82 /* PBXTargetDependency */ = {
			isa = PBXTargetDependency;
			target = A58841F22817E53E00CE5D82 /* Chat_App */;
			targetProxy = A58842142817E53F00CE5D82 /* PBXContainerItemProxy */;
		};
/* End PBXTargetDependency section */

/* Begin PBXVariantGroup section */
		A58841FC2817E53E00CE5D82 /* Main.storyboard */ = {
			isa = PBXVariantGroup;
			children = (
				A58841FD2817E53E00CE5D82 /* Base */,
			);
			name = Main.storyboard;
			sourceTree = "<group>";
		};
		A58842012817E53E00CE5D82 /* LaunchScreen.storyboard */ = {
			isa = PBXVariantGroup;
			children = (
				A58842022817E53E00CE5D82 /* Base */,
			);
			name = LaunchScreen.storyboard;
			sourceTree = "<group>";
		};
/* End PBXVariantGroup section */

/* Begin XCBuildConfiguration section */
		A588421B2817E53F00CE5D82 /* Debug */ = {
			isa = XCBuildConfiguration;
			buildSettings = {
				ALWAYS_SEARCH_USER_PATHS = NO;
				CLANG_ANALYZER_NONNULL = YES;
				CLANG_ANALYZER_NUMBER_OBJECT_CONVERSION = YES_AGGRESSIVE;
				CLANG_CXX_LANGUAGE_STANDARD = "gnu++17";
				CLANG_ENABLE_MODULES = YES;
				CLANG_ENABLE_OBJC_ARC = YES;
				CLANG_ENABLE_OBJC_WEAK = YES;
				CLANG_WARN_BLOCK_CAPTURE_AUTORELEASING = YES;
				CLANG_WARN_BOOL_CONVERSION = YES;
				CLANG_WARN_COMMA = YES;
				CLANG_WARN_CONSTANT_CONVERSION = YES;
				CLANG_WARN_DEPRECATED_OBJC_IMPLEMENTATIONS = YES;
				CLANG_WARN_DIRECT_OBJC_ISA_USAGE = YES_ERROR;
				CLANG_WARN_DOCUMENTATION_COMMENTS = YES;
				CLANG_WARN_EMPTY_BODY = YES;
				CLANG_WARN_ENUM_CONVERSION = YES;
				CLANG_WARN_INFINITE_RECURSION = YES;
				CLANG_WARN_INT_CONVERSION = YES;
				CLANG_WARN_NON_LITERAL_NULL_CONVERSION = YES;
				CLANG_WARN_OBJC_IMPLICIT_RETAIN_SELF = YES;
				CLANG_WARN_OBJC_LITERAL_CONVERSION = YES;
				CLANG_WARN_OBJC_ROOT_CLASS = YES_ERROR;
				CLANG_WARN_QUOTED_INCLUDE_IN_FRAMEWORK_HEADER = YES;
				CLANG_WARN_RANGE_LOOP_ANALYSIS = YES;
				CLANG_WARN_STRICT_PROTOTYPES = YES;
				CLANG_WARN_SUSPICIOUS_MOVE = YES;
				CLANG_WARN_UNGUARDED_AVAILABILITY = YES_AGGRESSIVE;
				CLANG_WARN_UNREACHABLE_CODE = YES;
				CLANG_WARN__DUPLICATE_METHOD_MATCH = YES;
				COPY_PHASE_STRIP = NO;
				DEBUG_INFORMATION_FORMAT = dwarf;
				ENABLE_STRICT_OBJC_MSGSEND = YES;
				ENABLE_TESTABILITY = YES;
				GCC_C_LANGUAGE_STANDARD = gnu11;
				GCC_DYNAMIC_NO_PIC = NO;
				GCC_NO_COMMON_BLOCKS = YES;
				GCC_OPTIMIZATION_LEVEL = 0;
				GCC_PREPROCESSOR_DEFINITIONS = (
					"DEBUG=1",
					"$(inherited)",
				);
				GCC_WARN_64_TO_32_BIT_CONVERSION = YES;
				GCC_WARN_ABOUT_RETURN_TYPE = YES_ERROR;
				GCC_WARN_UNDECLARED_SELECTOR = YES;
				GCC_WARN_UNINITIALIZED_AUTOS = YES_AGGRESSIVE;
				GCC_WARN_UNUSED_FUNCTION = YES;
				GCC_WARN_UNUSED_VARIABLE = YES;
				IPHONEOS_DEPLOYMENT_TARGET = 15.4;
				MTL_ENABLE_DEBUG_INFO = INCLUDE_SOURCE;
				MTL_FAST_MATH = YES;
				ONLY_ACTIVE_ARCH = YES;
				SDKROOT = iphoneos;
				SWIFT_ACTIVE_COMPILATION_CONDITIONS = DEBUG;
				SWIFT_OPTIMIZATION_LEVEL = "-Onone";
			};
			name = Debug;
		};
		A588421C2817E53F00CE5D82 /* Release */ = {
			isa = XCBuildConfiguration;
			buildSettings = {
				ALWAYS_SEARCH_USER_PATHS = NO;
				CLANG_ANALYZER_NONNULL = YES;
				CLANG_ANALYZER_NUMBER_OBJECT_CONVERSION = YES_AGGRESSIVE;
				CLANG_CXX_LANGUAGE_STANDARD = "gnu++17";
				CLANG_ENABLE_MODULES = YES;
				CLANG_ENABLE_OBJC_ARC = YES;
				CLANG_ENABLE_OBJC_WEAK = YES;
				CLANG_WARN_BLOCK_CAPTURE_AUTORELEASING = YES;
				CLANG_WARN_BOOL_CONVERSION = YES;
				CLANG_WARN_COMMA = YES;
				CLANG_WARN_CONSTANT_CONVERSION = YES;
				CLANG_WARN_DEPRECATED_OBJC_IMPLEMENTATIONS = YES;
				CLANG_WARN_DIRECT_OBJC_ISA_USAGE = YES_ERROR;
				CLANG_WARN_DOCUMENTATION_COMMENTS = YES;
				CLANG_WARN_EMPTY_BODY = YES;
				CLANG_WARN_ENUM_CONVERSION = YES;
				CLANG_WARN_INFINITE_RECURSION = YES;
				CLANG_WARN_INT_CONVERSION = YES;
				CLANG_WARN_NON_LITERAL_NULL_CONVERSION = YES;
				CLANG_WARN_OBJC_IMPLICIT_RETAIN_SELF = YES;
				CLANG_WARN_OBJC_LITERAL_CONVERSION = YES;
				CLANG_WARN_OBJC_ROOT_CLASS = YES_ERROR;
				CLANG_WARN_QUOTED_INCLUDE_IN_FRAMEWORK_HEADER = YES;
				CLANG_WARN_RANGE_LOOP_ANALYSIS = YES;
				CLANG_WARN_STRICT_PROTOTYPES = YES;
				CLANG_WARN_SUSPICIOUS_MOVE = YES;
				CLANG_WARN_UNGUARDED_AVAILABILITY = YES_AGGRESSIVE;
				CLANG_WARN_UNREACHABLE_CODE = YES;
				CLANG_WARN__DUPLICATE_METHOD_MATCH = YES;
				COPY_PHASE_STRIP = NO;
				DEBUG_INFORMATION_FORMAT = "dwarf-with-dsym";
				ENABLE_NS_ASSERTIONS = NO;
				ENABLE_STRICT_OBJC_MSGSEND = YES;
				GCC_C_LANGUAGE_STANDARD = gnu11;
				GCC_NO_COMMON_BLOCKS = YES;
				GCC_WARN_64_TO_32_BIT_CONVERSION = YES;
				GCC_WARN_ABOUT_RETURN_TYPE = YES_ERROR;
				GCC_WARN_UNDECLARED_SELECTOR = YES;
				GCC_WARN_UNINITIALIZED_AUTOS = YES_AGGRESSIVE;
				GCC_WARN_UNUSED_FUNCTION = YES;
				GCC_WARN_UNUSED_VARIABLE = YES;
				IPHONEOS_DEPLOYMENT_TARGET = 15.4;
				MTL_ENABLE_DEBUG_INFO = NO;
				MTL_FAST_MATH = YES;
				SDKROOT = iphoneos;
				SWIFT_COMPILATION_MODE = wholemodule;
				SWIFT_OPTIMIZATION_LEVEL = "-O";
				VALIDATE_PRODUCT = YES;
			};
			name = Release;
		};
		A588421E2817E53F00CE5D82 /* Debug */ = {
			isa = XCBuildConfiguration;
			buildSettings = {
				ASSETCATALOG_COMPILER_APPICON_NAME = AppIcon;
				ASSETCATALOG_COMPILER_GLOBAL_ACCENT_COLOR_NAME = AccentColor;
				CODE_SIGN_STYLE = Automatic;
				CURRENT_PROJECT_VERSION = 1;
				DEVELOPMENT_TEAM = 82Q3S9Q2PL;
				GENERATE_INFOPLIST_FILE = YES;
				INFOPLIST_FILE = Chat_App/Info.plist;
				INFOPLIST_KEY_UIApplicationSupportsIndirectInputEvents = YES;
				INFOPLIST_KEY_UILaunchStoryboardName = LaunchScreen;
				INFOPLIST_KEY_UIMainStoryboardFile = Main;
				INFOPLIST_KEY_UISupportedInterfaceOrientations_iPad = "UIInterfaceOrientationPortrait UIInterfaceOrientationPortraitUpsideDown UIInterfaceOrientationLandscapeLeft UIInterfaceOrientationLandscapeRight";
				INFOPLIST_KEY_UISupportedInterfaceOrientations_iPhone = "UIInterfaceOrientationPortrait UIInterfaceOrientationLandscapeLeft UIInterfaceOrientationLandscapeRight";
				IPHONEOS_DEPLOYMENT_TARGET = 14.0;
				LD_RUNPATH_SEARCH_PATHS = (
					"$(inherited)",
					"@executable_path/Frameworks",
				);
				MARKETING_VERSION = 1.0;
				PRODUCT_BUNDLE_IDENTIFIER = "hynam.Chat-App";
				PRODUCT_NAME = "$(TARGET_NAME)";
				SWIFT_EMIT_LOC_STRINGS = YES;
				SWIFT_VERSION = 5.0;
				TARGETED_DEVICE_FAMILY = "1,2";
			};
			name = Debug;
		};
		A588421F2817E53F00CE5D82 /* Release */ = {
			isa = XCBuildConfiguration;
			buildSettings = {
				ASSETCATALOG_COMPILER_APPICON_NAME = AppIcon;
				ASSETCATALOG_COMPILER_GLOBAL_ACCENT_COLOR_NAME = AccentColor;
				CODE_SIGN_STYLE = Automatic;
				CURRENT_PROJECT_VERSION = 1;
				DEVELOPMENT_TEAM = 82Q3S9Q2PL;
				GENERATE_INFOPLIST_FILE = YES;
				INFOPLIST_FILE = Chat_App/Info.plist;
				INFOPLIST_KEY_UIApplicationSupportsIndirectInputEvents = YES;
				INFOPLIST_KEY_UILaunchStoryboardName = LaunchScreen;
				INFOPLIST_KEY_UIMainStoryboardFile = Main;
				INFOPLIST_KEY_UISupportedInterfaceOrientations_iPad = "UIInterfaceOrientationPortrait UIInterfaceOrientationPortraitUpsideDown UIInterfaceOrientationLandscapeLeft UIInterfaceOrientationLandscapeRight";
				INFOPLIST_KEY_UISupportedInterfaceOrientations_iPhone = "UIInterfaceOrientationPortrait UIInterfaceOrientationLandscapeLeft UIInterfaceOrientationLandscapeRight";
				IPHONEOS_DEPLOYMENT_TARGET = 14.0;
				LD_RUNPATH_SEARCH_PATHS = (
					"$(inherited)",
					"@executable_path/Frameworks",
				);
				MARKETING_VERSION = 1.0;
				PRODUCT_BUNDLE_IDENTIFIER = "hynam.Chat-App";
				PRODUCT_NAME = "$(TARGET_NAME)";
				SWIFT_EMIT_LOC_STRINGS = YES;
				SWIFT_VERSION = 5.0;
				TARGETED_DEVICE_FAMILY = "1,2";
			};
			name = Release;
		};
		A58842212817E53F00CE5D82 /* Debug */ = {
			isa = XCBuildConfiguration;
			buildSettings = {
				ALWAYS_EMBED_SWIFT_STANDARD_LIBRARIES = YES;
				BUNDLE_LOADER = "$(TEST_HOST)";
				CODE_SIGN_STYLE = Automatic;
				CURRENT_PROJECT_VERSION = 1;
				DEVELOPMENT_TEAM = 82Q3S9Q2PL;
				GENERATE_INFOPLIST_FILE = YES;
				IPHONEOS_DEPLOYMENT_TARGET = 15.4;
				MARKETING_VERSION = 1.0;
				PRODUCT_BUNDLE_IDENTIFIER = "hynam.Chat-AppTests";
				PRODUCT_NAME = "$(TARGET_NAME)";
				SWIFT_EMIT_LOC_STRINGS = NO;
				SWIFT_VERSION = 5.0;
				TARGETED_DEVICE_FAMILY = "1,2";
				TEST_HOST = "$(BUILT_PRODUCTS_DIR)/Chat_App.app/Chat_App";
			};
			name = Debug;
		};
		A58842222817E53F00CE5D82 /* Release */ = {
			isa = XCBuildConfiguration;
			buildSettings = {
				ALWAYS_EMBED_SWIFT_STANDARD_LIBRARIES = YES;
				BUNDLE_LOADER = "$(TEST_HOST)";
				CODE_SIGN_STYLE = Automatic;
				CURRENT_PROJECT_VERSION = 1;
				DEVELOPMENT_TEAM = 82Q3S9Q2PL;
				GENERATE_INFOPLIST_FILE = YES;
				IPHONEOS_DEPLOYMENT_TARGET = 15.4;
				MARKETING_VERSION = 1.0;
				PRODUCT_BUNDLE_IDENTIFIER = "hynam.Chat-AppTests";
				PRODUCT_NAME = "$(TARGET_NAME)";
				SWIFT_EMIT_LOC_STRINGS = NO;
				SWIFT_VERSION = 5.0;
				TARGETED_DEVICE_FAMILY = "1,2";
				TEST_HOST = "$(BUILT_PRODUCTS_DIR)/Chat_App.app/Chat_App";
			};
			name = Release;
		};
		A58842242817E53F00CE5D82 /* Debug */ = {
			isa = XCBuildConfiguration;
			buildSettings = {
				ALWAYS_EMBED_SWIFT_STANDARD_LIBRARIES = YES;
				CODE_SIGN_STYLE = Automatic;
				CURRENT_PROJECT_VERSION = 1;
				DEVELOPMENT_TEAM = 82Q3S9Q2PL;
				GENERATE_INFOPLIST_FILE = YES;
				MARKETING_VERSION = 1.0;
				PRODUCT_BUNDLE_IDENTIFIER = "hynam.Chat-AppUITests";
				PRODUCT_NAME = "$(TARGET_NAME)";
				SWIFT_EMIT_LOC_STRINGS = NO;
				SWIFT_VERSION = 5.0;
				TARGETED_DEVICE_FAMILY = "1,2";
				TEST_TARGET_NAME = Chat_App;
			};
			name = Debug;
		};
		A58842252817E53F00CE5D82 /* Release */ = {
			isa = XCBuildConfiguration;
			buildSettings = {
				ALWAYS_EMBED_SWIFT_STANDARD_LIBRARIES = YES;
				CODE_SIGN_STYLE = Automatic;
				CURRENT_PROJECT_VERSION = 1;
				DEVELOPMENT_TEAM = 82Q3S9Q2PL;
				GENERATE_INFOPLIST_FILE = YES;
				MARKETING_VERSION = 1.0;
				PRODUCT_BUNDLE_IDENTIFIER = "hynam.Chat-AppUITests";
				PRODUCT_NAME = "$(TARGET_NAME)";
				SWIFT_EMIT_LOC_STRINGS = NO;
				SWIFT_VERSION = 5.0;
				TARGETED_DEVICE_FAMILY = "1,2";
				TEST_TARGET_NAME = Chat_App;
			};
			name = Release;
		};
/* End XCBuildConfiguration section */

/* Begin XCConfigurationList section */
		A58841EE2817E53E00CE5D82 /* Build configuration list for PBXProject "Chat_App" */ = {
			isa = XCConfigurationList;
			buildConfigurations = (
				A588421B2817E53F00CE5D82 /* Debug */,
				A588421C2817E53F00CE5D82 /* Release */,
			);
			defaultConfigurationIsVisible = 0;
			defaultConfigurationName = Release;
		};
		A588421D2817E53F00CE5D82 /* Build configuration list for PBXNativeTarget "Chat_App" */ = {
			isa = XCConfigurationList;
			buildConfigurations = (
				A588421E2817E53F00CE5D82 /* Debug */,
				A588421F2817E53F00CE5D82 /* Release */,
			);
			defaultConfigurationIsVisible = 0;
			defaultConfigurationName = Release;
		};
		A58842202817E53F00CE5D82 /* Build configuration list for PBXNativeTarget "Chat_AppTests" */ = {
			isa = XCConfigurationList;
			buildConfigurations = (
				A58842212817E53F00CE5D82 /* Debug */,
				A58842222817E53F00CE5D82 /* Release */,
			);
			defaultConfigurationIsVisible = 0;
			defaultConfigurationName = Release;
		};
		A58842232817E53F00CE5D82 /* Build configuration list for PBXNativeTarget "Chat_AppUITests" */ = {
			isa = XCConfigurationList;
			buildConfigurations = (
				A58842242817E53F00CE5D82 /* Debug */,
				A58842252817E53F00CE5D82 /* Release */,
			);
			defaultConfigurationIsVisible = 0;
			defaultConfigurationName = Release;
		};
/* End XCConfigurationList section */
	};
	rootObject = A58841EB2817E53E00CE5D82 /* Project object */;
}
